// !$*UTF8*$!
{
	archiveVersion = 1;
	classes = {
	};
	objectVersion = 56;
	objects = {

/* Begin PBXBuildFile section */
		0553B1AA2B46ADF50081840D /* ResultVM.swift in Sources */ = {isa = PBXBuildFile; fileRef = 0553B1902B46ADF50081840D /* ResultVM.swift */; };
		0553B1AB2B46ADF50081840D /* ResultPayment.swift in Sources */ = {isa = PBXBuildFile; fileRef = 0553B1922B46ADF50081840D /* ResultPayment.swift */; };
		0553B1AC2B46ADF50081840D /* ResultVC.swift in Sources */ = {isa = PBXBuildFile; fileRef = 0553B1932B46ADF50081840D /* ResultVC.swift */; };
		0553B1AD2B46ADF50081840D /* ResultAddOnView.swift in Sources */ = {isa = PBXBuildFile; fileRef = 0553B1952B46ADF50081840D /* ResultAddOnView.swift */; };
		0553B1AE2B46ADF50081840D /* ResultView.swift in Sources */ = {isa = PBXBuildFile; fileRef = 0553B1962B46ADF50081840D /* ResultView.swift */; };
		0553B1AF2B46ADF50081840D /* BlockTitleRow.swift in Sources */ = {isa = PBXBuildFile; fileRef = 0553B1982B46ADF50081840D /* BlockTitleRow.swift */; };
		0553B1B02B46ADF50081840D /* DividerLine.swift in Sources */ = {isa = PBXBuildFile; fileRef = 0553B1992B46ADF50081840D /* DividerLine.swift */; };
		0553B1B12B46ADF50081840D /* AutoPaymentVM.swift in Sources */ = {isa = PBXBuildFile; fileRef = 0553B19B2B46ADF50081840D /* AutoPaymentVM.swift */; };
		0553B1B22B46ADF50081840D /* AutoPayHomeVC.swift in Sources */ = {isa = PBXBuildFile; fileRef = 0553B19C2B46ADF50081840D /* AutoPayHomeVC.swift */; };
		0553B1B32B46ADF50081840D /* AutoPaymentPlaceHolderView.swift in Sources */ = {isa = PBXBuildFile; fileRef = 0553B19E2B46ADF50081840D /* AutoPaymentPlaceHolderView.swift */; };
		0553B1B42B46ADF50081840D /* AutoPaymentBar.swift in Sources */ = {isa = PBXBuildFile; fileRef = 0553B19F2B46ADF50081840D /* AutoPaymentBar.swift */; };
		0553B1B52B46ADF50081840D /* AutoPayRegisterVC.swift in Sources */ = {isa = PBXBuildFile; fileRef = 0553B1A12B46ADF50081840D /* AutoPayRegisterVC.swift */; };
		0553B1B62B46ADF50081840D /* ContractTblCell.swift in Sources */ = {isa = PBXBuildFile; fileRef = 0553B1A22B46ADF50081840D /* ContractTblCell.swift */; };
		0553B1B72B46ADF50081840D /* AutoPaymentMethodTblCell.swift in Sources */ = {isa = PBXBuildFile; fileRef = 0553B1A32B46ADF50081840D /* AutoPaymentMethodTblCell.swift */; };
		0553B1B82B46ADF50081840D /* PaymentAutoRegisterVM.swift in Sources */ = {isa = PBXBuildFile; fileRef = 0553B1A42B46ADF50081840D /* PaymentAutoRegisterVM.swift */; };
		0553B1BF2B46AE6E0081840D /* Extensions.swift in Sources */ = {isa = PBXBuildFile; fileRef = 0553B1BD2B46AE6E0081840D /* Extensions.swift */; };
		0553B1C02B46AE6E0081840D /* VList.swift in Sources */ = {isa = PBXBuildFile; fileRef = 0553B1BE2B46AE6E0081840D /* VList.swift */; };
		0553B1C32B46B1C50081840D /* SwiftyJSON in Frameworks */ = {isa = PBXBuildFile; productRef = 0553B1C22B46B1C50081840D /* SwiftyJSON */; };
		0553B1C52B46B39D0081840D /* CheckFreeVoucherModel.swift in Sources */ = {isa = PBXBuildFile; fileRef = 0553B1C42B46B39D0081840D /* CheckFreeVoucherModel.swift */; };
		0553B1C82B46BA160081840D /* ResultSampleData.swift in Sources */ = {isa = PBXBuildFile; fileRef = 0553B1C72B46BA160081840D /* ResultSampleData.swift */; };
		0553B1CA2B46BABC0081840D /* ResultManager.swift in Sources */ = {isa = PBXBuildFile; fileRef = 0553B1C92B46BABC0081840D /* ResultManager.swift */; };
		0553B1D32B46F7B00081840D /* BlockContentRow.swift in Sources */ = {isa = PBXBuildFile; fileRef = 0553B1D22B46F7B00081840D /* BlockContentRow.swift */; };
		0553B1D72B47A27C0081840D /* AutopayDetailModel.swift in Sources */ = {isa = PBXBuildFile; fileRef = 0553B1D62B47A27C0081840D /* AutopayDetailModel.swift */; };
		0553B1DA2B47AFB20081840D /* Kingfisher in Frameworks */ = {isa = PBXBuildFile; productRef = 0553B1D92B47AFB20081840D /* Kingfisher */; };
		0553B1DC2B47B8540081840D /* AutoPayContractAndMethodTblV.swift in Sources */ = {isa = PBXBuildFile; fileRef = 0553B1DB2B47B8540081840D /* AutoPayContractAndMethodTblV.swift */; };
		055E35D92B4543A200FAC071 /* AppDelegate.swift in Sources */ = {isa = PBXBuildFile; fileRef = 055E35D82B4543A200FAC071 /* AppDelegate.swift */; };
		055E35DB2B4543A200FAC071 /* SceneDelegate.swift in Sources */ = {isa = PBXBuildFile; fileRef = 055E35DA2B4543A200FAC071 /* SceneDelegate.swift */; };
		055E35DD2B4543A200FAC071 /* ViewController.swift in Sources */ = {isa = PBXBuildFile; fileRef = 055E35DC2B4543A200FAC071 /* ViewController.swift */; };
		055E35E22B4543A300FAC071 /* Assets.xcassets in Resources */ = {isa = PBXBuildFile; fileRef = 055E35E12B4543A300FAC071 /* Assets.xcassets */; };
		055E35E52B4543A300FAC071 /* LaunchScreen.storyboard in Resources */ = {isa = PBXBuildFile; fileRef = 055E35E32B4543A300FAC071 /* LaunchScreen.storyboard */; };
		992813822B4659AB00F578F6 /* HeaderCell.swift in Sources */ = {isa = PBXBuildFile; fileRef = 992813812B4659AA00F578F6 /* HeaderCell.swift */; };
		992813852B4695FB00F578F6 /* BaseControllerWithHeaderVC.swift in Sources */ = {isa = PBXBuildFile; fileRef = 992813842B4695FB00F578F6 /* BaseControllerWithHeaderVC.swift */; };
		992813872B46963400F578F6 /* BaseViewController.swift in Sources */ = {isa = PBXBuildFile; fileRef = 992813862B46963400F578F6 /* BaseViewController.swift */; };
		992813892B4696DB00F578F6 /* HiHeaderView.swift in Sources */ = {isa = PBXBuildFile; fileRef = 992813882B4696DB00F578F6 /* HiHeaderView.swift */; };
		9928138B2B46972500F578F6 /* ButtonPrimary.swift in Sources */ = {isa = PBXBuildFile; fileRef = 9928138A2B46972500F578F6 /* ButtonPrimary.swift */; };
		9928138D2B46978B00F578F6 /* ThemesManager.swift in Sources */ = {isa = PBXBuildFile; fileRef = 9928138C2B46978B00F578F6 /* ThemesManager.swift */; };
		992813932B4698F800F578F6 /* Extension+UIView.swift in Sources */ = {isa = PBXBuildFile; fileRef = 992813922B4698F800F578F6 /* Extension+UIView.swift */; };
		992813972B46A3CF00F578F6 /* HiBottomViewWithTwoButton.swift in Sources */ = {isa = PBXBuildFile; fileRef = 992813962B46A3CF00F578F6 /* HiBottomViewWithTwoButton.swift */; };
		993A2A572B45471300B0C8D8 /* CancelAutomaticPayment.swift in Sources */ = {isa = PBXBuildFile; fileRef = 993A2A562B45471300B0C8D8 /* CancelAutomaticPayment.swift */; };
		993A2A5A2B4550D300B0C8D8 /* ItemPaymentMethodCell.swift in Sources */ = {isa = PBXBuildFile; fileRef = 993A2A592B4550D300B0C8D8 /* ItemPaymentMethodCell.swift */; };
/* End PBXBuildFile section */

/* Begin PBXFileReference section */
		0553B1902B46ADF50081840D /* ResultVM.swift */ = {isa = PBXFileReference; fileEncoding = 4; lastKnownFileType = sourcecode.swift; path = ResultVM.swift; sourceTree = "<group>"; };
		0553B1922B46ADF50081840D /* ResultPayment.swift */ = {isa = PBXFileReference; fileEncoding = 4; lastKnownFileType = sourcecode.swift; path = ResultPayment.swift; sourceTree = "<group>"; };
		0553B1932B46ADF50081840D /* ResultVC.swift */ = {isa = PBXFileReference; fileEncoding = 4; lastKnownFileType = sourcecode.swift; path = ResultVC.swift; sourceTree = "<group>"; };
		0553B1952B46ADF50081840D /* ResultAddOnView.swift */ = {isa = PBXFileReference; fileEncoding = 4; lastKnownFileType = sourcecode.swift; path = ResultAddOnView.swift; sourceTree = "<group>"; };
		0553B1962B46ADF50081840D /* ResultView.swift */ = {isa = PBXFileReference; fileEncoding = 4; lastKnownFileType = sourcecode.swift; path = ResultView.swift; sourceTree = "<group>"; };
		0553B1982B46ADF50081840D /* BlockTitleRow.swift */ = {isa = PBXFileReference; fileEncoding = 4; lastKnownFileType = sourcecode.swift; path = BlockTitleRow.swift; sourceTree = "<group>"; };
		0553B1992B46ADF50081840D /* DividerLine.swift */ = {isa = PBXFileReference; fileEncoding = 4; lastKnownFileType = sourcecode.swift; path = DividerLine.swift; sourceTree = "<group>"; };
		0553B19B2B46ADF50081840D /* AutoPaymentVM.swift */ = {isa = PBXFileReference; fileEncoding = 4; lastKnownFileType = sourcecode.swift; path = AutoPaymentVM.swift; sourceTree = "<group>"; };
		0553B19C2B46ADF50081840D /* AutoPayHomeVC.swift */ = {isa = PBXFileReference; fileEncoding = 4; lastKnownFileType = sourcecode.swift; path = AutoPayHomeVC.swift; sourceTree = "<group>"; };
		0553B19E2B46ADF50081840D /* AutoPaymentPlaceHolderView.swift */ = {isa = PBXFileReference; fileEncoding = 4; lastKnownFileType = sourcecode.swift; path = AutoPaymentPlaceHolderView.swift; sourceTree = "<group>"; };
		0553B19F2B46ADF50081840D /* AutoPaymentBar.swift */ = {isa = PBXFileReference; fileEncoding = 4; lastKnownFileType = sourcecode.swift; path = AutoPaymentBar.swift; sourceTree = "<group>"; };
		0553B1A12B46ADF50081840D /* AutoPayRegisterVC.swift */ = {isa = PBXFileReference; fileEncoding = 4; lastKnownFileType = sourcecode.swift; path = AutoPayRegisterVC.swift; sourceTree = "<group>"; };
		0553B1A22B46ADF50081840D /* ContractTblCell.swift */ = {isa = PBXFileReference; fileEncoding = 4; lastKnownFileType = sourcecode.swift; path = ContractTblCell.swift; sourceTree = "<group>"; };
		0553B1A32B46ADF50081840D /* AutoPaymentMethodTblCell.swift */ = {isa = PBXFileReference; fileEncoding = 4; lastKnownFileType = sourcecode.swift; path = AutoPaymentMethodTblCell.swift; sourceTree = "<group>"; };
		0553B1A42B46ADF50081840D /* PaymentAutoRegisterVM.swift */ = {isa = PBXFileReference; fileEncoding = 4; lastKnownFileType = sourcecode.swift; path = PaymentAutoRegisterVM.swift; sourceTree = "<group>"; };
		0553B1BD2B46AE6E0081840D /* Extensions.swift */ = {isa = PBXFileReference; fileEncoding = 4; lastKnownFileType = sourcecode.swift; path = Extensions.swift; sourceTree = "<group>"; };
		0553B1BE2B46AE6E0081840D /* VList.swift */ = {isa = PBXFileReference; fileEncoding = 4; lastKnownFileType = sourcecode.swift; path = VList.swift; sourceTree = "<group>"; };
		0553B1C42B46B39D0081840D /* CheckFreeVoucherModel.swift */ = {isa = PBXFileReference; fileEncoding = 4; lastKnownFileType = sourcecode.swift; path = CheckFreeVoucherModel.swift; sourceTree = "<group>"; };
		0553B1C72B46BA160081840D /* ResultSampleData.swift */ = {isa = PBXFileReference; lastKnownFileType = sourcecode.swift; path = ResultSampleData.swift; sourceTree = "<group>"; };
		0553B1C92B46BABC0081840D /* ResultManager.swift */ = {isa = PBXFileReference; lastKnownFileType = sourcecode.swift; path = ResultManager.swift; sourceTree = "<group>"; };
		0553B1D22B46F7B00081840D /* BlockContentRow.swift */ = {isa = PBXFileReference; lastKnownFileType = sourcecode.swift; path = BlockContentRow.swift; sourceTree = "<group>"; };
		0553B1D62B47A27C0081840D /* AutopayDetailModel.swift */ = {isa = PBXFileReference; fileEncoding = 4; lastKnownFileType = sourcecode.swift; path = AutopayDetailModel.swift; sourceTree = "<group>"; };
		0553B1DB2B47B8540081840D /* AutoPayContractAndMethodTblV.swift */ = {isa = PBXFileReference; lastKnownFileType = sourcecode.swift; path = AutoPayContractAndMethodTblV.swift; sourceTree = "<group>"; };
		055E35D52B4543A200FAC071 /* PaymentAuto.app */ = {isa = PBXFileReference; explicitFileType = wrapper.application; includeInIndex = 0; path = PaymentAuto.app; sourceTree = BUILT_PRODUCTS_DIR; };
		055E35D82B4543A200FAC071 /* AppDelegate.swift */ = {isa = PBXFileReference; lastKnownFileType = sourcecode.swift; path = AppDelegate.swift; sourceTree = "<group>"; };
		055E35DA2B4543A200FAC071 /* SceneDelegate.swift */ = {isa = PBXFileReference; lastKnownFileType = sourcecode.swift; path = SceneDelegate.swift; sourceTree = "<group>"; };
		055E35DC2B4543A200FAC071 /* ViewController.swift */ = {isa = PBXFileReference; lastKnownFileType = sourcecode.swift; path = ViewController.swift; sourceTree = "<group>"; };
		055E35E12B4543A300FAC071 /* Assets.xcassets */ = {isa = PBXFileReference; lastKnownFileType = folder.assetcatalog; path = Assets.xcassets; sourceTree = "<group>"; };
		055E35E42B4543A300FAC071 /* Base */ = {isa = PBXFileReference; lastKnownFileType = file.storyboard; name = Base; path = Base.lproj/LaunchScreen.storyboard; sourceTree = "<group>"; };
		055E35E62B4543A300FAC071 /* Info.plist */ = {isa = PBXFileReference; lastKnownFileType = text.plist.xml; path = Info.plist; sourceTree = "<group>"; };
		992813812B4659AA00F578F6 /* HeaderCell.swift */ = {isa = PBXFileReference; lastKnownFileType = sourcecode.swift; path = HeaderCell.swift; sourceTree = "<group>"; };
		992813842B4695FB00F578F6 /* BaseControllerWithHeaderVC.swift */ = {isa = PBXFileReference; lastKnownFileType = sourcecode.swift; path = BaseControllerWithHeaderVC.swift; sourceTree = "<group>"; };
		992813862B46963400F578F6 /* BaseViewController.swift */ = {isa = PBXFileReference; lastKnownFileType = sourcecode.swift; path = BaseViewController.swift; sourceTree = "<group>"; };
		992813882B4696DB00F578F6 /* HiHeaderView.swift */ = {isa = PBXFileReference; lastKnownFileType = sourcecode.swift; path = HiHeaderView.swift; sourceTree = "<group>"; };
		9928138A2B46972500F578F6 /* ButtonPrimary.swift */ = {isa = PBXFileReference; lastKnownFileType = sourcecode.swift; path = ButtonPrimary.swift; sourceTree = "<group>"; };
		9928138C2B46978B00F578F6 /* ThemesManager.swift */ = {isa = PBXFileReference; lastKnownFileType = sourcecode.swift; path = ThemesManager.swift; sourceTree = "<group>"; };
		992813922B4698F800F578F6 /* Extension+UIView.swift */ = {isa = PBXFileReference; lastKnownFileType = sourcecode.swift; path = "Extension+UIView.swift"; sourceTree = "<group>"; };
		992813962B46A3CF00F578F6 /* HiBottomViewWithTwoButton.swift */ = {isa = PBXFileReference; lastKnownFileType = sourcecode.swift; path = HiBottomViewWithTwoButton.swift; sourceTree = "<group>"; };
		993A2A562B45471300B0C8D8 /* CancelAutomaticPayment.swift */ = {isa = PBXFileReference; lastKnownFileType = sourcecode.swift; path = CancelAutomaticPayment.swift; sourceTree = "<group>"; };
		993A2A592B4550D300B0C8D8 /* ItemPaymentMethodCell.swift */ = {isa = PBXFileReference; lastKnownFileType = sourcecode.swift; path = ItemPaymentMethodCell.swift; sourceTree = "<group>"; };
/* End PBXFileReference section */

/* Begin PBXFrameworksBuildPhase section */
		055E35D22B4543A200FAC071 /* Frameworks */ = {
			isa = PBXFrameworksBuildPhase;
			buildActionMask = 2147483647;
			files = (
				0553B1DA2B47AFB20081840D /* Kingfisher in Frameworks */,
				0553B1C32B46B1C50081840D /* SwiftyJSON in Frameworks */,
			);
			runOnlyForDeploymentPostprocessing = 0;
		};
/* End PBXFrameworksBuildPhase section */

/* Begin PBXGroup section */
		0553B18F2B46ADF50081840D /* Result */ = {
			isa = PBXGroup;
			children = (
				0553B1C92B46BABC0081840D /* ResultManager.swift */,
				0553B1C62B46BA020081840D /* SampleData */,
				0553B1902B46ADF50081840D /* ResultVM.swift */,
				0553B1912B46ADF50081840D /* Models */,
				0553B1932B46ADF50081840D /* ResultVC.swift */,
				0553B1942B46ADF50081840D /* Views */,
			);
			path = Result;
			sourceTree = "<group>";
		};
		0553B1912B46ADF50081840D /* Models */ = {
			isa = PBXGroup;
			children = (
				0553B1C42B46B39D0081840D /* CheckFreeVoucherModel.swift */,
				0553B1922B46ADF50081840D /* ResultPayment.swift */,
			);
			path = Models;
			sourceTree = "<group>";
		};
		0553B1942B46ADF50081840D /* Views */ = {
			isa = PBXGroup;
			children = (
				0553B1952B46ADF50081840D /* ResultAddOnView.swift */,
				0553B1962B46ADF50081840D /* ResultView.swift */,
			);
			path = Views;
			sourceTree = "<group>";
		};
		0553B1972B46ADF50081840D /* Components */ = {
			isa = PBXGroup;
			children = (
				0553B1982B46ADF50081840D /* BlockTitleRow.swift */,
				0553B1D22B46F7B00081840D /* BlockContentRow.swift */,
				0553B1992B46ADF50081840D /* DividerLine.swift */,
				0553B1DB2B47B8540081840D /* AutoPayContractAndMethodTblV.swift */,
			);
			path = Components;
			sourceTree = "<group>";
		};
		0553B19A2B46ADF50081840D /* AutoPayHomeVC */ = {
			isa = PBXGroup;
			children = (
				0553B19C2B46ADF50081840D /* AutoPayHomeVC.swift */,
				0553B1D52B47A2710081840D /* Model */,
				0553B19B2B46ADF50081840D /* AutoPaymentVM.swift */,
				0553B19D2B46ADF50081840D /* Views */,
			);
			path = AutoPayHomeVC;
			sourceTree = "<group>";
		};
		0553B19D2B46ADF50081840D /* Views */ = {
			isa = PBXGroup;
			children = (
				0553B19E2B46ADF50081840D /* AutoPaymentPlaceHolderView.swift */,
				0553B19F2B46ADF50081840D /* AutoPaymentBar.swift */,
			);
			path = Views;
			sourceTree = "<group>";
		};
		0553B1A02B46ADF50081840D /* AutoPayRegister */ = {
			isa = PBXGroup;
			children = (
				0553B1A12B46ADF50081840D /* AutoPayRegisterVC.swift */,
				0553B1D12B46F5050081840D /* Views */,
				0553B1D42B479AF50081840D /* ViewModel */,
			);
			path = AutoPayRegister;
			sourceTree = "<group>";
		};
		0553B1BC2B46AE6E0081840D /* Extensions */ = {
			isa = PBXGroup;
			children = (
				0553B1BD2B46AE6E0081840D /* Extensions.swift */,
				0553B1BE2B46AE6E0081840D /* VList.swift */,
			);
			path = Extensions;
			sourceTree = "<group>";
		};
		0553B1C62B46BA020081840D /* SampleData */ = {
			isa = PBXGroup;
			children = (
				0553B1C72B46BA160081840D /* ResultSampleData.swift */,
			);
			path = SampleData;
			sourceTree = "<group>";
		};
		0553B1D12B46F5050081840D /* Views */ = {
			isa = PBXGroup;
			children = (
				0553B1A22B46ADF50081840D /* ContractTblCell.swift */,
				0553B1A32B46ADF50081840D /* AutoPaymentMethodTblCell.swift */,
			);
			path = Views;
			sourceTree = "<group>";
		};
		0553B1D42B479AF50081840D /* ViewModel */ = {
			isa = PBXGroup;
			children = (
				0553B1A42B46ADF50081840D /* PaymentAutoRegisterVM.swift */,
			);
			path = ViewModel;
			sourceTree = "<group>";
		};
		0553B1D52B47A2710081840D /* Model */ = {
			isa = PBXGroup;
			children = (
				0553B1D62B47A27C0081840D /* AutopayDetailModel.swift */,
			);
			path = Model;
			sourceTree = "<group>";
		};
		055E35CC2B4543A200FAC071 = {
			isa = PBXGroup;
			children = (
				055E35D72B4543A200FAC071 /* PaymentAuto */,
				055E35D62B4543A200FAC071 /* Products */,
			);
			sourceTree = "<group>";
		};
		055E35D62B4543A200FAC071 /* Products */ = {
			isa = PBXGroup;
			children = (
				055E35D52B4543A200FAC071 /* PaymentAuto.app */,
			);
			name = Products;
			sourceTree = "<group>";
		};
		055E35D72B4543A200FAC071 /* PaymentAuto */ = {
			isa = PBXGroup;
			children = (
				0553B1BC2B46AE6E0081840D /* Extensions */,
				993A2A4B2B45453400B0C8D8 /* Core */,
				993A2A4C2B45453900B0C8D8 /* Modules */,
				993A2A4D2B45455800B0C8D8 /* Resouce */,
				055E35E32B4543A300FAC071 /* LaunchScreen.storyboard */,
				055E35E62B4543A300FAC071 /* Info.plist */,
			);
			path = PaymentAuto;
			sourceTree = "<group>";
		};
		992813912B4698C700F578F6 /* Common */ = {
			isa = PBXGroup;
			children = (
				992813922B4698F800F578F6 /* Extension+UIView.swift */,
			);
			path = Common;
			sourceTree = "<group>";
		};
		993A2A4B2B45453400B0C8D8 /* Core */ = {
			isa = PBXGroup;
			children = (
				992813912B4698C700F578F6 /* Common */,
				993A2A4E2B45456300B0C8D8 /* Base */,
			);
			path = Core;
			sourceTree = "<group>";
		};
		993A2A4C2B45453900B0C8D8 /* Modules */ = {
			isa = PBXGroup;
			children = (
				993A2A502B45467500B0C8D8 /* Payment */,
				993A2A4F2B45457D00B0C8D8 /* Home */,
			);
			path = Modules;
			sourceTree = "<group>";
		};
		993A2A4D2B45455800B0C8D8 /* Resouce */ = {
			isa = PBXGroup;
			children = (
				055E35E12B4543A300FAC071 /* Assets.xcassets */,
			);
			path = Resouce;
			sourceTree = "<group>";
		};
		993A2A4E2B45456300B0C8D8 /* Base */ = {
			isa = PBXGroup;
			children = (
				055E35D82B4543A200FAC071 /* AppDelegate.swift */,
				055E35DA2B4543A200FAC071 /* SceneDelegate.swift */,
				992813842B4695FB00F578F6 /* BaseControllerWithHeaderVC.swift */,
				992813862B46963400F578F6 /* BaseViewController.swift */,
				992813882B4696DB00F578F6 /* HiHeaderView.swift */,
				9928138A2B46972500F578F6 /* ButtonPrimary.swift */,
				9928138C2B46978B00F578F6 /* ThemesManager.swift */,
				992813962B46A3CF00F578F6 /* HiBottomViewWithTwoButton.swift */,
			);
			path = Base;
			sourceTree = "<group>";
		};
		993A2A4F2B45457D00B0C8D8 /* Home */ = {
			isa = PBXGroup;
			children = (
				055E35DC2B4543A200FAC071 /* ViewController.swift */,
			);
			path = Home;
			sourceTree = "<group>";
		};
		993A2A502B45467500B0C8D8 /* Payment */ = {
			isa = PBXGroup;
			children = (
				0553B1972B46ADF50081840D /* Components */,
				0553B19A2B46ADF50081840D /* AutoPayHomeVC */,
				0553B1A02B46ADF50081840D /* AutoPayRegister */,
				0553B18F2B46ADF50081840D /* Result */,
				993A2A532B4546DE00B0C8D8 /* Views */,
				993A2A512B4546C500B0C8D8 /* Controllers */,
			);
			path = Payment;
			sourceTree = "<group>";
		};
		993A2A512B4546C500B0C8D8 /* Controllers */ = {
			isa = PBXGroup;
			children = (
				993A2A562B45471300B0C8D8 /* CancelAutomaticPayment.swift */,
			);
			path = Controllers;
			sourceTree = "<group>";
		};
		993A2A532B4546DE00B0C8D8 /* Views */ = {
			isa = PBXGroup;
			children = (
				993A2A592B4550D300B0C8D8 /* ItemPaymentMethodCell.swift */,
				992813812B4659AA00F578F6 /* HeaderCell.swift */,
			);
			path = Views;
			sourceTree = "<group>";
		};
/* End PBXGroup section */

/* Begin PBXNativeTarget section */
		055E35D42B4543A200FAC071 /* PaymentAuto */ = {
			isa = PBXNativeTarget;
			buildConfigurationList = 055E35E92B4543A300FAC071 /* Build configuration list for PBXNativeTarget "PaymentAuto" */;
			buildPhases = (
				055E35D12B4543A200FAC071 /* Sources */,
				055E35D22B4543A200FAC071 /* Frameworks */,
				055E35D32B4543A200FAC071 /* Resources */,
			);
			buildRules = (
			);
			dependencies = (
			);
			name = PaymentAuto;
			packageProductDependencies = (
				0553B1C22B46B1C50081840D /* SwiftyJSON */,
				0553B1D92B47AFB20081840D /* Kingfisher */,
			);
			productName = PaymentAuto;
			productReference = 055E35D52B4543A200FAC071 /* PaymentAuto.app */;
			productType = "com.apple.product-type.application";
		};
/* End PBXNativeTarget section */

/* Begin PBXProject section */
		055E35CD2B4543A200FAC071 /* Project object */ = {
			isa = PBXProject;
			attributes = {
				BuildIndependentTargetsInParallel = 1;
				LastSwiftUpdateCheck = 1510;
				LastUpgradeCheck = 1510;
				TargetAttributes = {
					055E35D42B4543A200FAC071 = {
						CreatedOnToolsVersion = 15.1;
					};
				};
			};
			buildConfigurationList = 055E35D02B4543A200FAC071 /* Build configuration list for PBXProject "PaymentAuto" */;
			compatibilityVersion = "Xcode 14.0";
			developmentRegion = en;
			hasScannedForEncodings = 0;
			knownRegions = (
				en,
				Base,
			);
			mainGroup = 055E35CC2B4543A200FAC071;
			packageReferences = (
				0553B1C12B46B1C50081840D /* XCRemoteSwiftPackageReference "SwiftyJSON" */,
				0553B1D82B47AFB20081840D /* XCRemoteSwiftPackageReference "Kingfisher" */,
			);
			productRefGroup = 055E35D62B4543A200FAC071 /* Products */;
			projectDirPath = "";
			projectRoot = "";
			targets = (
				055E35D42B4543A200FAC071 /* PaymentAuto */,
			);
		};
/* End PBXProject section */

/* Begin PBXResourcesBuildPhase section */
		055E35D32B4543A200FAC071 /* Resources */ = {
			isa = PBXResourcesBuildPhase;
			buildActionMask = 2147483647;
			files = (
				055E35E52B4543A300FAC071 /* LaunchScreen.storyboard in Resources */,
				055E35E22B4543A300FAC071 /* Assets.xcassets in Resources */,
			);
			runOnlyForDeploymentPostprocessing = 0;
		};
/* End PBXResourcesBuildPhase section */

/* Begin PBXSourcesBuildPhase section */
		055E35D12B4543A200FAC071 /* Sources */ = {
			isa = PBXSourcesBuildPhase;
			buildActionMask = 2147483647;
			files = (
				0553B1B22B46ADF50081840D /* AutoPayHomeVC.swift in Sources */,
				0553B1B72B46ADF50081840D /* AutoPaymentMethodTblCell.swift in Sources */,
				9928138D2B46978B00F578F6 /* ThemesManager.swift in Sources */,
				0553B1C02B46AE6E0081840D /* VList.swift in Sources */,
				0553B1B62B46ADF50081840D /* ContractTblCell.swift in Sources */,
				0553B1AC2B46ADF50081840D /* ResultVC.swift in Sources */,
				0553B1C82B46BA160081840D /* ResultSampleData.swift in Sources */,
				055E35DD2B4543A200FAC071 /* ViewController.swift in Sources */,
				992813932B4698F800F578F6 /* Extension+UIView.swift in Sources */,
				0553B1D32B46F7B00081840D /* BlockContentRow.swift in Sources */,
				0553B1AA2B46ADF50081840D /* ResultVM.swift in Sources */,
				992813972B46A3CF00F578F6 /* HiBottomViewWithTwoButton.swift in Sources */,
				0553B1B82B46ADF50081840D /* PaymentAutoRegisterVM.swift in Sources */,
				993A2A572B45471300B0C8D8 /* CancelAutomaticPayment.swift in Sources */,
				0553B1AF2B46ADF50081840D /* BlockTitleRow.swift in Sources */,
				0553B1C52B46B39D0081840D /* CheckFreeVoucherModel.swift in Sources */,
				0553B1B52B46ADF50081840D /* AutoPayRegisterVC.swift in Sources */,
				0553B1CA2B46BABC0081840D /* ResultManager.swift in Sources */,
				0553B1DC2B47B8540081840D /* AutoPayContractAndMethodTblV.swift in Sources */,
				992813852B4695FB00F578F6 /* BaseControllerWithHeaderVC.swift in Sources */,
				993A2A5A2B4550D300B0C8D8 /* ItemPaymentMethodCell.swift in Sources */,
				9928138B2B46972500F578F6 /* ButtonPrimary.swift in Sources */,
				0553B1B02B46ADF50081840D /* DividerLine.swift in Sources */,
				0553B1B12B46ADF50081840D /* AutoPaymentVM.swift in Sources */,
				992813892B4696DB00F578F6 /* HiHeaderView.swift in Sources */,
				0553B1AE2B46ADF50081840D /* ResultView.swift in Sources */,
				055E35D92B4543A200FAC071 /* AppDelegate.swift in Sources */,
				0553B1AB2B46ADF50081840D /* ResultPayment.swift in Sources */,
				0553B1D72B47A27C0081840D /* AutopayDetailModel.swift in Sources */,
				992813872B46963400F578F6 /* BaseViewController.swift in Sources */,
				0553B1B42B46ADF50081840D /* AutoPaymentBar.swift in Sources */,
				0553B1BF2B46AE6E0081840D /* Extensions.swift in Sources */,
				992813822B4659AB00F578F6 /* HeaderCell.swift in Sources */,
				0553B1AD2B46ADF50081840D /* ResultAddOnView.swift in Sources */,
				055E35DB2B4543A200FAC071 /* SceneDelegate.swift in Sources */,
				0553B1B32B46ADF50081840D /* AutoPaymentPlaceHolderView.swift in Sources */,
			);
			runOnlyForDeploymentPostprocessing = 0;
		};
/* End PBXSourcesBuildPhase section */

/* Begin PBXVariantGroup section */
		055E35E32B4543A300FAC071 /* LaunchScreen.storyboard */ = {
			isa = PBXVariantGroup;
			children = (
				055E35E42B4543A300FAC071 /* Base */,
			);
			name = LaunchScreen.storyboard;
			sourceTree = "<group>";
		};
/* End PBXVariantGroup section */

/* Begin XCBuildConfiguration section */
		055E35E72B4543A300FAC071 /* Debug */ = {
			isa = XCBuildConfiguration;
			buildSettings = {
				ALWAYS_SEARCH_USER_PATHS = NO;
				ASSETCATALOG_COMPILER_GENERATE_SWIFT_ASSET_SYMBOL_EXTENSIONS = YES;
				CLANG_ANALYZER_NONNULL = YES;
				CLANG_ANALYZER_NUMBER_OBJECT_CONVERSION = YES_AGGRESSIVE;
				CLANG_CXX_LANGUAGE_STANDARD = "gnu++20";
				CLANG_ENABLE_MODULES = YES;
				CLANG_ENABLE_OBJC_ARC = YES;
				CLANG_ENABLE_OBJC_WEAK = YES;
				CLANG_WARN_BLOCK_CAPTURE_AUTORELEASING = YES;
				CLANG_WARN_BOOL_CONVERSION = YES;
				CLANG_WARN_COMMA = YES;
				CLANG_WARN_CONSTANT_CONVERSION = YES;
				CLANG_WARN_DEPRECATED_OBJC_IMPLEMENTATIONS = YES;
				CLANG_WARN_DIRECT_OBJC_ISA_USAGE = YES_ERROR;
				CLANG_WARN_DOCUMENTATION_COMMENTS = YES;
				CLANG_WARN_EMPTY_BODY = YES;
				CLANG_WARN_ENUM_CONVERSION = YES;
				CLANG_WARN_INFINITE_RECURSION = YES;
				CLANG_WARN_INT_CONVERSION = YES;
				CLANG_WARN_NON_LITERAL_NULL_CONVERSION = YES;
				CLANG_WARN_OBJC_IMPLICIT_RETAIN_SELF = YES;
				CLANG_WARN_OBJC_LITERAL_CONVERSION = YES;
				CLANG_WARN_OBJC_ROOT_CLASS = YES_ERROR;
				CLANG_WARN_QUOTED_INCLUDE_IN_FRAMEWORK_HEADER = YES;
				CLANG_WARN_RANGE_LOOP_ANALYSIS = YES;
				CLANG_WARN_STRICT_PROTOTYPES = YES;
				CLANG_WARN_SUSPICIOUS_MOVE = YES;
				CLANG_WARN_UNGUARDED_AVAILABILITY = YES_AGGRESSIVE;
				CLANG_WARN_UNREACHABLE_CODE = YES;
				CLANG_WARN__DUPLICATE_METHOD_MATCH = YES;
				COPY_PHASE_STRIP = NO;
				DEBUG_INFORMATION_FORMAT = dwarf;
				ENABLE_STRICT_OBJC_MSGSEND = YES;
				ENABLE_TESTABILITY = YES;
				ENABLE_USER_SCRIPT_SANDBOXING = YES;
				GCC_C_LANGUAGE_STANDARD = gnu17;
				GCC_DYNAMIC_NO_PIC = NO;
				GCC_NO_COMMON_BLOCKS = YES;
				GCC_OPTIMIZATION_LEVEL = 0;
				GCC_PREPROCESSOR_DEFINITIONS = (
					"DEBUG=1",
					"$(inherited)",
				);
				GCC_WARN_64_TO_32_BIT_CONVERSION = YES;
				GCC_WARN_ABOUT_RETURN_TYPE = YES_ERROR;
				GCC_WARN_UNDECLARED_SELECTOR = YES;
				GCC_WARN_UNINITIALIZED_AUTOS = YES_AGGRESSIVE;
				GCC_WARN_UNUSED_FUNCTION = YES;
				GCC_WARN_UNUSED_VARIABLE = YES;
				IPHONEOS_DEPLOYMENT_TARGET = 17.2;
				LOCALIZATION_PREFERS_STRING_CATALOGS = YES;
				MTL_ENABLE_DEBUG_INFO = INCLUDE_SOURCE;
				MTL_FAST_MATH = YES;
				ONLY_ACTIVE_ARCH = YES;
				SDKROOT = iphoneos;
				SWIFT_ACTIVE_COMPILATION_CONDITIONS = "DEBUG $(inherited)";
				SWIFT_OPTIMIZATION_LEVEL = "-Onone";
			};
			name = Debug;
		};
		055E35E82B4543A300FAC071 /* Release */ = {
			isa = XCBuildConfiguration;
			buildSettings = {
				ALWAYS_SEARCH_USER_PATHS = NO;
				ASSETCATALOG_COMPILER_GENERATE_SWIFT_ASSET_SYMBOL_EXTENSIONS = YES;
				CLANG_ANALYZER_NONNULL = YES;
				CLANG_ANALYZER_NUMBER_OBJECT_CONVERSION = YES_AGGRESSIVE;
				CLANG_CXX_LANGUAGE_STANDARD = "gnu++20";
				CLANG_ENABLE_MODULES = YES;
				CLANG_ENABLE_OBJC_ARC = YES;
				CLANG_ENABLE_OBJC_WEAK = YES;
				CLANG_WARN_BLOCK_CAPTURE_AUTORELEASING = YES;
				CLANG_WARN_BOOL_CONVERSION = YES;
				CLANG_WARN_COMMA = YES;
				CLANG_WARN_CONSTANT_CONVERSION = YES;
				CLANG_WARN_DEPRECATED_OBJC_IMPLEMENTATIONS = YES;
				CLANG_WARN_DIRECT_OBJC_ISA_USAGE = YES_ERROR;
				CLANG_WARN_DOCUMENTATION_COMMENTS = YES;
				CLANG_WARN_EMPTY_BODY = YES;
				CLANG_WARN_ENUM_CONVERSION = YES;
				CLANG_WARN_INFINITE_RECURSION = YES;
				CLANG_WARN_INT_CONVERSION = YES;
				CLANG_WARN_NON_LITERAL_NULL_CONVERSION = YES;
				CLANG_WARN_OBJC_IMPLICIT_RETAIN_SELF = YES;
				CLANG_WARN_OBJC_LITERAL_CONVERSION = YES;
				CLANG_WARN_OBJC_ROOT_CLASS = YES_ERROR;
				CLANG_WARN_QUOTED_INCLUDE_IN_FRAMEWORK_HEADER = YES;
				CLANG_WARN_RANGE_LOOP_ANALYSIS = YES;
				CLANG_WARN_STRICT_PROTOTYPES = YES;
				CLANG_WARN_SUSPICIOUS_MOVE = YES;
				CLANG_WARN_UNGUARDED_AVAILABILITY = YES_AGGRESSIVE;
				CLANG_WARN_UNREACHABLE_CODE = YES;
				CLANG_WARN__DUPLICATE_METHOD_MATCH = YES;
				COPY_PHASE_STRIP = NO;
				DEBUG_INFORMATION_FORMAT = "dwarf-with-dsym";
				ENABLE_NS_ASSERTIONS = NO;
				ENABLE_STRICT_OBJC_MSGSEND = YES;
				ENABLE_USER_SCRIPT_SANDBOXING = YES;
				GCC_C_LANGUAGE_STANDARD = gnu17;
				GCC_NO_COMMON_BLOCKS = YES;
				GCC_WARN_64_TO_32_BIT_CONVERSION = YES;
				GCC_WARN_ABOUT_RETURN_TYPE = YES_ERROR;
				GCC_WARN_UNDECLARED_SELECTOR = YES;
				GCC_WARN_UNINITIALIZED_AUTOS = YES_AGGRESSIVE;
				GCC_WARN_UNUSED_FUNCTION = YES;
				GCC_WARN_UNUSED_VARIABLE = YES;
				IPHONEOS_DEPLOYMENT_TARGET = 17.2;
				LOCALIZATION_PREFERS_STRING_CATALOGS = YES;
				MTL_ENABLE_DEBUG_INFO = NO;
				MTL_FAST_MATH = YES;
				SDKROOT = iphoneos;
				SWIFT_COMPILATION_MODE = wholemodule;
				VALIDATE_PRODUCT = YES;
			};
			name = Release;
		};
		055E35EA2B4543A300FAC071 /* Debug */ = {
			isa = XCBuildConfiguration;
			buildSettings = {
				ASSETCATALOG_COMPILER_APPICON_NAME = AppIcon;
				ASSETCATALOG_COMPILER_GLOBAL_ACCENT_COLOR_NAME = AccentColor;
				CODE_SIGN_STYLE = Automatic;
				CURRENT_PROJECT_VERSION = 1;
				GENERATE_INFOPLIST_FILE = YES;
				INFOPLIST_FILE = PaymentAuto/Info.plist;
				INFOPLIST_KEY_UIApplicationSupportsIndirectInputEvents = YES;
				INFOPLIST_KEY_UILaunchStoryboardName = LaunchScreen;
				INFOPLIST_KEY_UISupportedInterfaceOrientations_iPad = "UIInterfaceOrientationPortrait UIInterfaceOrientationPortraitUpsideDown UIInterfaceOrientationLandscapeLeft UIInterfaceOrientationLandscapeRight";
				INFOPLIST_KEY_UISupportedInterfaceOrientations_iPhone = "UIInterfaceOrientationPortrait UIInterfaceOrientationLandscapeLeft UIInterfaceOrientationLandscapeRight";
				IPHONEOS_DEPLOYMENT_TARGET = 13.0;
				LD_RUNPATH_SEARCH_PATHS = (
					"$(inherited)",
					"@executable_path/Frameworks",
				);
				MARKETING_VERSION = 1.0;
				PRODUCT_BUNDLE_IDENTIFIER = com.k2tam.PaymentAuto;
				PRODUCT_NAME = "$(TARGET_NAME)";
				SUPPORTED_PLATFORMS = "iphoneos iphonesimulator";
				SUPPORTS_MACCATALYST = NO;
				SUPPORTS_MAC_DESIGNED_FOR_IPHONE_IPAD = NO;
				SWIFT_EMIT_LOC_STRINGS = YES;
				SWIFT_VERSION = 5.0;
				TARGETED_DEVICE_FAMILY = "1,2";
			};
			name = Debug;
		};
		055E35EB2B4543A300FAC071 /* Release */ = {
			isa = XCBuildConfiguration;
			buildSettings = {
				ASSETCATALOG_COMPILER_APPICON_NAME = AppIcon;
				ASSETCATALOG_COMPILER_GLOBAL_ACCENT_COLOR_NAME = AccentColor;
				CODE_SIGN_STYLE = Automatic;
				CURRENT_PROJECT_VERSION = 1;
				GENERATE_INFOPLIST_FILE = YES;
				INFOPLIST_FILE = PaymentAuto/Info.plist;
				INFOPLIST_KEY_UIApplicationSupportsIndirectInputEvents = YES;
				INFOPLIST_KEY_UILaunchStoryboardName = LaunchScreen;
				INFOPLIST_KEY_UISupportedInterfaceOrientations_iPad = "UIInterfaceOrientationPortrait UIInterfaceOrientationPortraitUpsideDown UIInterfaceOrientationLandscapeLeft UIInterfaceOrientationLandscapeRight";
				INFOPLIST_KEY_UISupportedInterfaceOrientations_iPhone = "UIInterfaceOrientationPortrait UIInterfaceOrientationLandscapeLeft UIInterfaceOrientationLandscapeRight";
				IPHONEOS_DEPLOYMENT_TARGET = 13.0;
				LD_RUNPATH_SEARCH_PATHS = (
					"$(inherited)",
					"@executable_path/Frameworks",
				);
				MARKETING_VERSION = 1.0;
				PRODUCT_BUNDLE_IDENTIFIER = com.k2tam.PaymentAuto;
				PRODUCT_NAME = "$(TARGET_NAME)";
				SUPPORTED_PLATFORMS = "iphoneos iphonesimulator";
				SUPPORTS_MACCATALYST = NO;
				SUPPORTS_MAC_DESIGNED_FOR_IPHONE_IPAD = NO;
				SWIFT_EMIT_LOC_STRINGS = YES;
				SWIFT_VERSION = 5.0;
				TARGETED_DEVICE_FAMILY = "1,2";
			};
			name = Release;
		};
/* End XCBuildConfiguration section */

/* Begin XCConfigurationList section */
		055E35D02B4543A200FAC071 /* Build configuration list for PBXProject "PaymentAuto" */ = {
			isa = XCConfigurationList;
			buildConfigurations = (
				055E35E72B4543A300FAC071 /* Debug */,
				055E35E82B4543A300FAC071 /* Release */,
			);
			defaultConfigurationIsVisible = 0;
			defaultConfigurationName = Release;
		};
		055E35E92B4543A300FAC071 /* Build configuration list for PBXNativeTarget "PaymentAuto" */ = {
			isa = XCConfigurationList;
			buildConfigurations = (
				055E35EA2B4543A300FAC071 /* Debug */,
				055E35EB2B4543A300FAC071 /* Release */,
			);
			defaultConfigurationIsVisible = 0;
			defaultConfigurationName = Release;
		};
/* End XCConfigurationList section */

/* Begin XCRemoteSwiftPackageReference section */
		0553B1C12B46B1C50081840D /* XCRemoteSwiftPackageReference "SwiftyJSON" */ = {
			isa = XCRemoteSwiftPackageReference;
			repositoryURL = "https://github.com/SwiftyJSON/SwiftyJSON.git";
			requirement = {
				kind = upToNextMajorVersion;
				minimumVersion = 5.0.1;
			};
		};
		0553B1D82B47AFB20081840D /* XCRemoteSwiftPackageReference "Kingfisher" */ = {
			isa = XCRemoteSwiftPackageReference;
			repositoryURL = "https://github.com/onevcat/Kingfisher.git";
			requirement = {
				kind = upToNextMajorVersion;
				minimumVersion = 7.10.1;
			};
		};
/* End XCRemoteSwiftPackageReference section */

/* Begin XCSwiftPackageProductDependency section */
		0553B1C22B46B1C50081840D /* SwiftyJSON */ = {
			isa = XCSwiftPackageProductDependency;
			package = 0553B1C12B46B1C50081840D /* XCRemoteSwiftPackageReference "SwiftyJSON" */;
			productName = SwiftyJSON;
		};
		0553B1D92B47AFB20081840D /* Kingfisher */ = {
			isa = XCSwiftPackageProductDependency;
			package = 0553B1D82B47AFB20081840D /* XCRemoteSwiftPackageReference "Kingfisher" */;
			productName = Kingfisher;
		};
/* End XCSwiftPackageProductDependency section */
	};
	rootObject = 055E35CD2B4543A200FAC071 /* Project object */;
}
