// !$*UTF8*$!
{
	archiveVersion = 1;
	classes = {
	};
	objectVersion = 56;
	objects = {

/* Begin PBXBuildFile section */
		0553B1AB2B46ADF50081840D /* ResultPayment.swift in Sources */ = {isa = PBXBuildFile; fileRef = 0553B1922B46ADF50081840D /* ResultPayment.swift */; };
		0553B1AC2B46ADF50081840D /* ResultVC.swift in Sources */ = {isa = PBXBuildFile; fileRef = 0553B1932B46ADF50081840D /* ResultVC.swift */; };
		0553B1AD2B46ADF50081840D /* ResultAddOnView.swift in Sources */ = {isa = PBXBuildFile; fileRef = 0553B1952B46ADF50081840D /* ResultAddOnView.swift */; };
		0553B1AE2B46ADF50081840D /* ResultView.swift in Sources */ = {isa = PBXBuildFile; fileRef = 0553B1962B46ADF50081840D /* ResultView.swift */; };
		0553B1AF2B46ADF50081840D /* BlockTitleRow.swift in Sources */ = {isa = PBXBuildFile; fileRef = 0553B1982B46ADF50081840D /* BlockTitleRow.swift */; };
		0553B1B02B46ADF50081840D /* DividerLine.swift in Sources */ = {isa = PBXBuildFile; fileRef = 0553B1992B46ADF50081840D /* DividerLine.swift */; };
		0553B1BF2B46AE6E0081840D /* Extensions.swift in Sources */ = {isa = PBXBuildFile; fileRef = 0553B1BD2B46AE6E0081840D /* Extensions.swift */; };
		0553B1C02B46AE6E0081840D /* VList.swift in Sources */ = {isa = PBXBuildFile; fileRef = 0553B1BE2B46AE6E0081840D /* VList.swift */; };
		0553B1C32B46B1C50081840D /* SwiftyJSON in Frameworks */ = {isa = PBXBuildFile; productRef = 0553B1C22B46B1C50081840D /* SwiftyJSON */; };
		055E35DD2B4543A200FAC071 /* ViewController.swift in Sources */ = {isa = PBXBuildFile; fileRef = 055E35DC2B4543A200FAC071 /* ViewController.swift */; };
		055E35E22B4543A300FAC071 /* Assets.xcassets in Resources */ = {isa = PBXBuildFile; fileRef = 055E35E12B4543A300FAC071 /* Assets.xcassets */; };
		055E35E52B4543A300FAC071 /* LaunchScreen.storyboard in Resources */ = {isa = PBXBuildFile; fileRef = 055E35E32B4543A300FAC071 /* LaunchScreen.storyboard */; };
		992813822B4659AB00F578F6 /* HeaderCell.swift in Sources */ = {isa = PBXBuildFile; fileRef = 992813812B4659AA00F578F6 /* HeaderCell.swift */; };
		992813A32B46B4F000F578F6 /* PaymentMethodModel.swift in Sources */ = {isa = PBXBuildFile; fileRef = 992813A22B46B4F000F578F6 /* PaymentMethodModel.swift */; };
		992813A62B46B51400F578F6 /* PaymentMethodVM.swift in Sources */ = {isa = PBXBuildFile; fileRef = 992813A52B46B51400F578F6 /* PaymentMethodVM.swift */; };
		992813B82B47B80900F578F6 /* PaymentManager.swift in Sources */ = {isa = PBXBuildFile; fileRef = 992813B72B47B80900F578F6 /* PaymentManager.swift */; };
		992813C32B47DFA900F578F6 /* PaymentOldManager.swift in Sources */ = {isa = PBXBuildFile; fileRef = 992813C22B47DFA900F578F6 /* PaymentOldManager.swift */; };
		992813C52B47E00700F578F6 /* PaymentOldEndPoint.swift in Sources */ = {isa = PBXBuildFile; fileRef = 992813C42B47E00700F578F6 /* PaymentOldEndPoint.swift */; };
		992813C82B47E07900F578F6 /* Alamofire in Frameworks */ = {isa = PBXBuildFile; productRef = 992813C72B47E07900F578F6 /* Alamofire */; };
		992813D22B47E13D00F578F6 /* ColorKey.swift in Sources */ = {isa = PBXBuildFile; fileRef = 992813CA2B47E13C00F578F6 /* ColorKey.swift */; };
		992813D32B47E13D00F578F6 /* SACountingLabel.swift in Sources */ = {isa = PBXBuildFile; fileRef = 992813CB2B47E13C00F578F6 /* SACountingLabel.swift */; };
		992813D42B47E13D00F578F6 /* BaseController.swift in Sources */ = {isa = PBXBuildFile; fileRef = 992813CC2B47E13C00F578F6 /* BaseController.swift */; };
		992813D52B47E13D00F578F6 /* Constant.swift in Sources */ = {isa = PBXBuildFile; fileRef = 992813CD2B47E13C00F578F6 /* Constant.swift */; };
		992813D62B47E13D00F578F6 /* HiPaymentAPIManager.swift in Sources */ = {isa = PBXBuildFile; fileRef = 992813CE2B47E13C00F578F6 /* HiPaymentAPIManager.swift */; };
		992813D72B47E13D00F578F6 /* StatusResult.swift in Sources */ = {isa = PBXBuildFile; fileRef = 992813CF2B47E13D00F578F6 /* StatusResult.swift */; };
		992813D82B47E13D00F578F6 /* Config.swift in Sources */ = {isa = PBXBuildFile; fileRef = 992813D02B47E13D00F578F6 /* Config.swift */; };
		992813D92B47E13D00F578F6 /* Contract.swift in Sources */ = {isa = PBXBuildFile; fileRef = 992813D12B47E13D00F578F6 /* Contract.swift */; };
		992813EA2B47E7A500F578F6 /* Realm in Frameworks */ = {isa = PBXBuildFile; productRef = 992813E92B47E7A500F578F6 /* Realm */; };
		992813EC2B47E7A500F578F6 /* RealmSwift in Frameworks */ = {isa = PBXBuildFile; productRef = 992813EB2B47E7A500F578F6 /* RealmSwift */; };
		992814AD2B47E92D00F578F6 /* Popup.storyboard in Resources */ = {isa = PBXBuildFile; fileRef = 992814AC2B47E92C00F578F6 /* Popup.storyboard */; };
		992814AF2B47E93300F578F6 /* PopupVC.swift in Sources */ = {isa = PBXBuildFile; fileRef = 992814AE2B47E93300F578F6 /* PopupVC.swift */; };
		992814B12B47E99C00F578F6 /* BaseControllerWithHeaderVC.swift in Sources */ = {isa = PBXBuildFile; fileRef = 992814B02B47E99C00F578F6 /* BaseControllerWithHeaderVC.swift */; };
		992814B32B47E9C900F578F6 /* SceneDelegate.swift in Sources */ = {isa = PBXBuildFile; fileRef = 992814B22B47E9C900F578F6 /* SceneDelegate.swift */; };
		992814B52B47E9D000F578F6 /* AppDelegate.swift in Sources */ = {isa = PBXBuildFile; fileRef = 992814B42B47E9D000F578F6 /* AppDelegate.swift */; };
		992814B72B47E9EA00F578F6 /* BaseViewController.swift in Sources */ = {isa = PBXBuildFile; fileRef = 992814B62B47E9EA00F578F6 /* BaseViewController.swift */; };
		992814B92B47EA1700F578F6 /* HiHeaderView.swift in Sources */ = {isa = PBXBuildFile; fileRef = 992814B82B47EA1700F578F6 /* HiHeaderView.swift */; };
		992814BB2B47EA4000F578F6 /* BaseViewModel.swift in Sources */ = {isa = PBXBuildFile; fileRef = 992814BA2B47EA4000F578F6 /* BaseViewModel.swift */; };
		992814BD2B47EA6E00F578F6 /* ButtonPrimary.swift in Sources */ = {isa = PBXBuildFile; fileRef = 992814BC2B47EA6E00F578F6 /* ButtonPrimary.swift */; };
		992814BF2B47EA8A00F578F6 /* ThemesManager.swift in Sources */ = {isa = PBXBuildFile; fileRef = 992814BE2B47EA8A00F578F6 /* ThemesManager.swift */; };
		992814C12B47EAD400F578F6 /* Localizable.swift in Sources */ = {isa = PBXBuildFile; fileRef = 992814C02B47EAD400F578F6 /* Localizable.swift */; };
		992814C32B47EAF200F578F6 /* HiFPTPayment.swift in Sources */ = {isa = PBXBuildFile; fileRef = 992814C22B47EAF200F578F6 /* HiFPTPayment.swift */; };
		992814C52B47EB1000F578F6 /* HiFPTPaymentPopupDelegate.swift in Sources */ = {isa = PBXBuildFile; fileRef = 992814C42B47EB1000F578F6 /* HiFPTPaymentPopupDelegate.swift */; };
		992814C72B47EB2000F578F6 /* HiThemesPopupManager.swift in Sources */ = {isa = PBXBuildFile; fileRef = 992814C62B47EB2000F578F6 /* HiThemesPopupManager.swift */; };
		992814C92B47EB2C00F578F6 /* PayMethod.swift in Sources */ = {isa = PBXBuildFile; fileRef = 992814C82B47EB2C00F578F6 /* PayMethod.swift */; };
		992814CB2B47EB3400F578F6 /* ItemSku.swift in Sources */ = {isa = PBXBuildFile; fileRef = 992814CA2B47EB3400F578F6 /* ItemSku.swift */; };
		992814CD2B47EB3E00F578F6 /* MyGlobal.swift in Sources */ = {isa = PBXBuildFile; fileRef = 992814CC2B47EB3E00F578F6 /* MyGlobal.swift */; };
		992814CF2B47EB4700F578F6 /* EContractConfirmModel.swift in Sources */ = {isa = PBXBuildFile; fileRef = 992814CE2B47EB4700F578F6 /* EContractConfirmModel.swift */; };
		992814D12B47EB5000F578F6 /* QuotationResponseModel.swift in Sources */ = {isa = PBXBuildFile; fileRef = 992814D02B47EB5000F578F6 /* QuotationResponseModel.swift */; };
		992814D32B47EB5700F578F6 /* NotificationModel.swift in Sources */ = {isa = PBXBuildFile; fileRef = 992814D22B47EB5700F578F6 /* NotificationModel.swift */; };
		992814D52B47EC2100F578F6 /* Extension+UIView.swift in Sources */ = {isa = PBXBuildFile; fileRef = 992814D42B47EC2100F578F6 /* Extension+UIView.swift */; };
		992814D72B47EC2F00F578F6 /* Constants.swift in Sources */ = {isa = PBXBuildFile; fileRef = 992814D62B47EC2F00F578F6 /* Constants.swift */; };
		992814DA2B47F05200F578F6 /* LocalBannerModel.swift in Sources */ = {isa = PBXBuildFile; fileRef = 992814D92B47F05200F578F6 /* LocalBannerModel.swift */; };
		992814DC2B47F0F100F578F6 /* HiFPTCore.swift in Sources */ = {isa = PBXBuildFile; fileRef = 992814DB2B47F0F100F578F6 /* HiFPTCore.swift */; };
		992814DE2B47F12500F578F6 /* BaseNavigation.swift in Sources */ = {isa = PBXBuildFile; fileRef = 992814DD2B47F12500F578F6 /* BaseNavigation.swift */; };
		992814E02B47F19E00F578F6 /* CoreUserDefaults.swift in Sources */ = {isa = PBXBuildFile; fileRef = 992814DF2B47F19E00F578F6 /* CoreUserDefaults.swift */; };
		992814E22B47F1D600F578F6 /* ECounterKeyValueButtonLineView.swift in Sources */ = {isa = PBXBuildFile; fileRef = 992814E12B47F1D600F578F6 /* ECounterKeyValueButtonLineView.swift */; };
		992814E42B47F20000F578F6 /* ContractItem.swift in Sources */ = {isa = PBXBuildFile; fileRef = 992814E32B47F20000F578F6 /* ContractItem.swift */; };
		992814E62B47F23100F578F6 /* ContractModel.swift in Sources */ = {isa = PBXBuildFile; fileRef = 992814E52B47F23100F578F6 /* ContractModel.swift */; };
		992814EA2B47F81900F578F6 /* HiFPTEndpoint.swift in Sources */ = {isa = PBXBuildFile; fileRef = 992814E92B47F81900F578F6 /* HiFPTEndpoint.swift */; };
		992814EC2B47F9AC00F578F6 /* HiFPTStatusResult.swift in Sources */ = {isa = PBXBuildFile; fileRef = 992814EB2B47F9AC00F578F6 /* HiFPTStatusResult.swift */; };
		992814EE2B47FA0B00F578F6 /* APIManager.swift in Sources */ = {isa = PBXBuildFile; fileRef = 992814ED2B47FA0B00F578F6 /* APIManager.swift */; };
		992814F02B47FAEC00F578F6 /* HiFPTLogger.swift in Sources */ = {isa = PBXBuildFile; fileRef = 992814EF2B47FAEC00F578F6 /* HiFPTLogger.swift */; };
		992814F22B47FCA100F578F6 /* HiFRequestInterceptor.swift in Sources */ = {isa = PBXBuildFile; fileRef = 992814F12B47FCA100F578F6 /* HiFRequestInterceptor.swift */; };
		992814F42B47FCCC00F578F6 /* TokenKeychain.swift in Sources */ = {isa = PBXBuildFile; fileRef = 992814F32B47FCCC00F578F6 /* TokenKeychain.swift */; };
		992814F62B47FCFA00F578F6 /* UtilitiesManager.swift in Sources */ = {isa = PBXBuildFile; fileRef = 992814F52B47FCFA00F578F6 /* UtilitiesManager.swift */; };
		992814F82B47FD1100F578F6 /* Tokenize.swift in Sources */ = {isa = PBXBuildFile; fileRef = 992814F72B47FD1100F578F6 /* Tokenize.swift */; };
		992814FF2B480C5C00F578F6 /* AutoPaymentVM.swift in Sources */ = {isa = PBXBuildFile; fileRef = 992814FA2B480C5C00F578F6 /* AutoPaymentVM.swift */; };
		992815002B480C5C00F578F6 /* AutoPaymentVC.swift in Sources */ = {isa = PBXBuildFile; fileRef = 992814FB2B480C5C00F578F6 /* AutoPaymentVC.swift */; };
		992815012B480C5C00F578F6 /* AutoPaymentPlaceHolderView.swift in Sources */ = {isa = PBXBuildFile; fileRef = 992814FD2B480C5C00F578F6 /* AutoPaymentPlaceHolderView.swift */; };
		992815022B480C5C00F578F6 /* AutoPaymentBar.swift in Sources */ = {isa = PBXBuildFile; fileRef = 992814FE2B480C5C00F578F6 /* AutoPaymentBar.swift */; };
		9928150C2B480C7300F578F6 /* PaymentAutoRegisterVC.swift in Sources */ = {isa = PBXBuildFile; fileRef = 992815042B480C7300F578F6 /* PaymentAutoRegisterVC.swift */; };
		9928150D2B480C7300F578F6 /* ContractTblCell.swift in Sources */ = {isa = PBXBuildFile; fileRef = 992815052B480C7300F578F6 /* ContractTblCell.swift */; };
		9928150E2B480C7300F578F6 /* AutoPaymentMethodTblCell.swift in Sources */ = {isa = PBXBuildFile; fileRef = 992815062B480C7300F578F6 /* AutoPaymentMethodTblCell.swift */; };
		9928150F2B480C7300F578F6 /* PaymentAutoRegisterVM.swift in Sources */ = {isa = PBXBuildFile; fileRef = 992815072B480C7300F578F6 /* PaymentAutoRegisterVM.swift */; };
		992815102B480C7300F578F6 /* PresenterRow.swift in Sources */ = {isa = PBXBuildFile; fileRef = 992815092B480C7300F578F6 /* PresenterRow.swift */; };
		992815112B480C7300F578F6 /* ContractRow.swift in Sources */ = {isa = PBXBuildFile; fileRef = 9928150A2B480C7300F578F6 /* ContractRow.swift */; };
		992815122B480C7300F578F6 /* AddressRow.swift in Sources */ = {isa = PBXBuildFile; fileRef = 9928150B2B480C7300F578F6 /* AddressRow.swift */; };
		992815142B480D4400F578F6 /* HiBottomViewWithTwoButton.swift in Sources */ = {isa = PBXBuildFile; fileRef = 992815132B480D4400F578F6 /* HiBottomViewWithTwoButton.swift */; };
		992815162B480D9000F578F6 /* CheckFreeVoucherModel.swift in Sources */ = {isa = PBXBuildFile; fileRef = 992815152B480D9000F578F6 /* CheckFreeVoucherModel.swift */; };
		993A2A572B45471300B0C8D8 /* CancelAutomaticPayment.swift in Sources */ = {isa = PBXBuildFile; fileRef = 993A2A562B45471300B0C8D8 /* CancelAutomaticPayment.swift */; };
		993A2A5A2B4550D300B0C8D8 /* ItemPaymentMethodCell.swift in Sources */ = {isa = PBXBuildFile; fileRef = 993A2A592B4550D300B0C8D8 /* ItemPaymentMethodCell.swift */; };
/* End PBXBuildFile section */

/* Begin PBXFileReference section */
		0553B1922B46ADF50081840D /* ResultPayment.swift */ = {isa = PBXFileReference; fileEncoding = 4; lastKnownFileType = sourcecode.swift; path = ResultPayment.swift; sourceTree = "<group>"; };
		0553B1932B46ADF50081840D /* ResultVC.swift */ = {isa = PBXFileReference; fileEncoding = 4; lastKnownFileType = sourcecode.swift; path = ResultVC.swift; sourceTree = "<group>"; };
		0553B1952B46ADF50081840D /* ResultAddOnView.swift */ = {isa = PBXFileReference; fileEncoding = 4; lastKnownFileType = sourcecode.swift; path = ResultAddOnView.swift; sourceTree = "<group>"; };
		0553B1962B46ADF50081840D /* ResultView.swift */ = {isa = PBXFileReference; fileEncoding = 4; lastKnownFileType = sourcecode.swift; path = ResultView.swift; sourceTree = "<group>"; };
		0553B1982B46ADF50081840D /* BlockTitleRow.swift */ = {isa = PBXFileReference; fileEncoding = 4; lastKnownFileType = sourcecode.swift; path = BlockTitleRow.swift; sourceTree = "<group>"; };
		0553B1992B46ADF50081840D /* DividerLine.swift */ = {isa = PBXFileReference; fileEncoding = 4; lastKnownFileType = sourcecode.swift; path = DividerLine.swift; sourceTree = "<group>"; };
		0553B1BD2B46AE6E0081840D /* Extensions.swift */ = {isa = PBXFileReference; fileEncoding = 4; lastKnownFileType = sourcecode.swift; path = Extensions.swift; sourceTree = "<group>"; };
		0553B1BE2B46AE6E0081840D /* VList.swift */ = {isa = PBXFileReference; fileEncoding = 4; lastKnownFileType = sourcecode.swift; path = VList.swift; sourceTree = "<group>"; };
		055E35D52B4543A200FAC071 /* PaymentAuto.app */ = {isa = PBXFileReference; explicitFileType = wrapper.application; includeInIndex = 0; path = PaymentAuto.app; sourceTree = BUILT_PRODUCTS_DIR; };
		055E35DC2B4543A200FAC071 /* ViewController.swift */ = {isa = PBXFileReference; lastKnownFileType = sourcecode.swift; path = ViewController.swift; sourceTree = "<group>"; };
		055E35E12B4543A300FAC071 /* Assets.xcassets */ = {isa = PBXFileReference; lastKnownFileType = folder.assetcatalog; path = Assets.xcassets; sourceTree = "<group>"; };
		055E35E42B4543A300FAC071 /* Base */ = {isa = PBXFileReference; lastKnownFileType = file.storyboard; name = Base; path = Base.lproj/LaunchScreen.storyboard; sourceTree = "<group>"; };
		055E35E62B4543A300FAC071 /* Info.plist */ = {isa = PBXFileReference; lastKnownFileType = text.plist.xml; path = Info.plist; sourceTree = "<group>"; };
		992813812B4659AA00F578F6 /* HeaderCell.swift */ = {isa = PBXFileReference; lastKnownFileType = sourcecode.swift; path = HeaderCell.swift; sourceTree = "<group>"; };
		992813A22B46B4F000F578F6 /* PaymentMethodModel.swift */ = {isa = PBXFileReference; fileEncoding = 4; lastKnownFileType = sourcecode.swift; name = PaymentMethodModel.swift; path = ../../../../../../Downloads/PaymentMethodModel.swift; sourceTree = "<group>"; };
		992813A52B46B51400F578F6 /* PaymentMethodVM.swift */ = {isa = PBXFileReference; fileEncoding = 4; lastKnownFileType = sourcecode.swift; name = PaymentMethodVM.swift; path = ../../../../../../Downloads/PaymentMethodVM.swift; sourceTree = "<group>"; };
		992813B72B47B80900F578F6 /* PaymentManager.swift */ = {isa = PBXFileReference; lastKnownFileType = sourcecode.swift; path = PaymentManager.swift; sourceTree = "<group>"; };
		992813C22B47DFA900F578F6 /* PaymentOldManager.swift */ = {isa = PBXFileReference; lastKnownFileType = sourcecode.swift; path = PaymentOldManager.swift; sourceTree = "<group>"; };
		992813C42B47E00700F578F6 /* PaymentOldEndPoint.swift */ = {isa = PBXFileReference; lastKnownFileType = sourcecode.swift; path = PaymentOldEndPoint.swift; sourceTree = "<group>"; };
		992813CA2B47E13C00F578F6 /* ColorKey.swift */ = {isa = PBXFileReference; fileEncoding = 4; lastKnownFileType = sourcecode.swift; path = ColorKey.swift; sourceTree = "<group>"; };
		992813CB2B47E13C00F578F6 /* SACountingLabel.swift */ = {isa = PBXFileReference; fileEncoding = 4; lastKnownFileType = sourcecode.swift; path = SACountingLabel.swift; sourceTree = "<group>"; };
		992813CC2B47E13C00F578F6 /* BaseController.swift */ = {isa = PBXFileReference; fileEncoding = 4; lastKnownFileType = sourcecode.swift; path = BaseController.swift; sourceTree = "<group>"; };
		992813CD2B47E13C00F578F6 /* Constant.swift */ = {isa = PBXFileReference; fileEncoding = 4; lastKnownFileType = sourcecode.swift; path = Constant.swift; sourceTree = "<group>"; };
		992813CE2B47E13C00F578F6 /* HiPaymentAPIManager.swift */ = {isa = PBXFileReference; fileEncoding = 4; lastKnownFileType = sourcecode.swift; path = HiPaymentAPIManager.swift; sourceTree = "<group>"; };
		992813CF2B47E13D00F578F6 /* StatusResult.swift */ = {isa = PBXFileReference; fileEncoding = 4; lastKnownFileType = sourcecode.swift; path = StatusResult.swift; sourceTree = "<group>"; };
		992813D02B47E13D00F578F6 /* Config.swift */ = {isa = PBXFileReference; fileEncoding = 4; lastKnownFileType = sourcecode.swift; path = Config.swift; sourceTree = "<group>"; };
		992813D12B47E13D00F578F6 /* Contract.swift */ = {isa = PBXFileReference; fileEncoding = 4; lastKnownFileType = sourcecode.swift; path = Contract.swift; sourceTree = "<group>"; };
		992814AC2B47E92C00F578F6 /* Popup.storyboard */ = {isa = PBXFileReference; fileEncoding = 4; lastKnownFileType = file.storyboard; path = Popup.storyboard; sourceTree = "<group>"; };
		992814AE2B47E93300F578F6 /* PopupVC.swift */ = {isa = PBXFileReference; fileEncoding = 4; lastKnownFileType = sourcecode.swift; path = PopupVC.swift; sourceTree = "<group>"; };
		992814B02B47E99C00F578F6 /* BaseControllerWithHeaderVC.swift */ = {isa = PBXFileReference; lastKnownFileType = sourcecode.swift; path = BaseControllerWithHeaderVC.swift; sourceTree = "<group>"; };
		992814B22B47E9C900F578F6 /* SceneDelegate.swift */ = {isa = PBXFileReference; fileEncoding = 4; lastKnownFileType = sourcecode.swift; path = SceneDelegate.swift; sourceTree = "<group>"; };
		992814B42B47E9D000F578F6 /* AppDelegate.swift */ = {isa = PBXFileReference; fileEncoding = 4; lastKnownFileType = sourcecode.swift; path = AppDelegate.swift; sourceTree = "<group>"; };
		992814B62B47E9EA00F578F6 /* BaseViewController.swift */ = {isa = PBXFileReference; lastKnownFileType = sourcecode.swift; path = BaseViewController.swift; sourceTree = "<group>"; };
		992814B82B47EA1700F578F6 /* HiHeaderView.swift */ = {isa = PBXFileReference; lastKnownFileType = sourcecode.swift; path = HiHeaderView.swift; sourceTree = "<group>"; };
		992814BA2B47EA4000F578F6 /* BaseViewModel.swift */ = {isa = PBXFileReference; lastKnownFileType = sourcecode.swift; path = BaseViewModel.swift; sourceTree = "<group>"; };
		992814BC2B47EA6E00F578F6 /* ButtonPrimary.swift */ = {isa = PBXFileReference; lastKnownFileType = sourcecode.swift; path = ButtonPrimary.swift; sourceTree = "<group>"; };
		992814BE2B47EA8A00F578F6 /* ThemesManager.swift */ = {isa = PBXFileReference; lastKnownFileType = sourcecode.swift; path = ThemesManager.swift; sourceTree = "<group>"; };
		992814C02B47EAD400F578F6 /* Localizable.swift */ = {isa = PBXFileReference; lastKnownFileType = sourcecode.swift; path = Localizable.swift; sourceTree = "<group>"; };
		992814C22B47EAF200F578F6 /* HiFPTPayment.swift */ = {isa = PBXFileReference; lastKnownFileType = sourcecode.swift; path = HiFPTPayment.swift; sourceTree = "<group>"; };
		992814C42B47EB1000F578F6 /* HiFPTPaymentPopupDelegate.swift */ = {isa = PBXFileReference; lastKnownFileType = sourcecode.swift; path = HiFPTPaymentPopupDelegate.swift; sourceTree = "<group>"; };
		992814C62B47EB2000F578F6 /* HiThemesPopupManager.swift */ = {isa = PBXFileReference; lastKnownFileType = sourcecode.swift; path = HiThemesPopupManager.swift; sourceTree = "<group>"; };
		992814C82B47EB2C00F578F6 /* PayMethod.swift */ = {isa = PBXFileReference; lastKnownFileType = sourcecode.swift; path = PayMethod.swift; sourceTree = "<group>"; };
		992814CA2B47EB3400F578F6 /* ItemSku.swift */ = {isa = PBXFileReference; lastKnownFileType = sourcecode.swift; path = ItemSku.swift; sourceTree = "<group>"; };
		992814CC2B47EB3E00F578F6 /* MyGlobal.swift */ = {isa = PBXFileReference; lastKnownFileType = sourcecode.swift; path = MyGlobal.swift; sourceTree = "<group>"; };
		992814CE2B47EB4700F578F6 /* EContractConfirmModel.swift */ = {isa = PBXFileReference; lastKnownFileType = sourcecode.swift; path = EContractConfirmModel.swift; sourceTree = "<group>"; };
		992814D02B47EB5000F578F6 /* QuotationResponseModel.swift */ = {isa = PBXFileReference; lastKnownFileType = sourcecode.swift; path = QuotationResponseModel.swift; sourceTree = "<group>"; };
		992814D22B47EB5700F578F6 /* NotificationModel.swift */ = {isa = PBXFileReference; lastKnownFileType = sourcecode.swift; path = NotificationModel.swift; sourceTree = "<group>"; };
		992814D42B47EC2100F578F6 /* Extension+UIView.swift */ = {isa = PBXFileReference; lastKnownFileType = sourcecode.swift; name = "Extension+UIView.swift"; path = "PaymentAuto/Core/Common/Extension+UIView.swift"; sourceTree = SOURCE_ROOT; };
		992814D62B47EC2F00F578F6 /* Constants.swift */ = {isa = PBXFileReference; lastKnownFileType = sourcecode.swift; name = Constants.swift; path = PaymentAuto/Core/Common/Constants.swift; sourceTree = SOURCE_ROOT; };
		992814D92B47F05200F578F6 /* LocalBannerModel.swift */ = {isa = PBXFileReference; lastKnownFileType = sourcecode.swift; path = LocalBannerModel.swift; sourceTree = "<group>"; };
		992814DB2B47F0F100F578F6 /* HiFPTCore.swift */ = {isa = PBXFileReference; lastKnownFileType = sourcecode.swift; path = HiFPTCore.swift; sourceTree = "<group>"; };
		992814DD2B47F12500F578F6 /* BaseNavigation.swift */ = {isa = PBXFileReference; lastKnownFileType = sourcecode.swift; path = BaseNavigation.swift; sourceTree = "<group>"; };
		992814DF2B47F19E00F578F6 /* CoreUserDefaults.swift */ = {isa = PBXFileReference; lastKnownFileType = sourcecode.swift; path = CoreUserDefaults.swift; sourceTree = "<group>"; };
		992814E12B47F1D600F578F6 /* ECounterKeyValueButtonLineView.swift */ = {isa = PBXFileReference; lastKnownFileType = sourcecode.swift; path = ECounterKeyValueButtonLineView.swift; sourceTree = "<group>"; };
		992814E32B47F20000F578F6 /* ContractItem.swift */ = {isa = PBXFileReference; lastKnownFileType = sourcecode.swift; path = ContractItem.swift; sourceTree = "<group>"; };
		992814E52B47F23100F578F6 /* ContractModel.swift */ = {isa = PBXFileReference; lastKnownFileType = sourcecode.swift; path = ContractModel.swift; sourceTree = "<group>"; };
		992814E92B47F81900F578F6 /* HiFPTEndpoint.swift */ = {isa = PBXFileReference; lastKnownFileType = sourcecode.swift; path = HiFPTEndpoint.swift; sourceTree = "<group>"; };
		992814EB2B47F9AC00F578F6 /* HiFPTStatusResult.swift */ = {isa = PBXFileReference; lastKnownFileType = sourcecode.swift; path = HiFPTStatusResult.swift; sourceTree = "<group>"; };
		992814ED2B47FA0B00F578F6 /* APIManager.swift */ = {isa = PBXFileReference; lastKnownFileType = sourcecode.swift; path = APIManager.swift; sourceTree = "<group>"; };
		992814EF2B47FAEC00F578F6 /* HiFPTLogger.swift */ = {isa = PBXFileReference; lastKnownFileType = sourcecode.swift; path = HiFPTLogger.swift; sourceTree = "<group>"; };
		992814F12B47FCA100F578F6 /* HiFRequestInterceptor.swift */ = {isa = PBXFileReference; lastKnownFileType = sourcecode.swift; path = HiFRequestInterceptor.swift; sourceTree = "<group>"; };
		992814F32B47FCCC00F578F6 /* TokenKeychain.swift */ = {isa = PBXFileReference; lastKnownFileType = sourcecode.swift; path = TokenKeychain.swift; sourceTree = "<group>"; };
		992814F52B47FCFA00F578F6 /* UtilitiesManager.swift */ = {isa = PBXFileReference; lastKnownFileType = sourcecode.swift; path = UtilitiesManager.swift; sourceTree = "<group>"; };
		992814F72B47FD1100F578F6 /* Tokenize.swift */ = {isa = PBXFileReference; lastKnownFileType = sourcecode.swift; path = Tokenize.swift; sourceTree = "<group>"; };
		992814FA2B480C5C00F578F6 /* AutoPaymentVM.swift */ = {isa = PBXFileReference; fileEncoding = 4; lastKnownFileType = sourcecode.swift; path = AutoPaymentVM.swift; sourceTree = "<group>"; };
		992814FB2B480C5C00F578F6 /* AutoPaymentVC.swift */ = {isa = PBXFileReference; fileEncoding = 4; lastKnownFileType = sourcecode.swift; path = AutoPaymentVC.swift; sourceTree = "<group>"; };
		992814FD2B480C5C00F578F6 /* AutoPaymentPlaceHolderView.swift */ = {isa = PBXFileReference; fileEncoding = 4; lastKnownFileType = sourcecode.swift; path = AutoPaymentPlaceHolderView.swift; sourceTree = "<group>"; };
		992814FE2B480C5C00F578F6 /* AutoPaymentBar.swift */ = {isa = PBXFileReference; fileEncoding = 4; lastKnownFileType = sourcecode.swift; path = AutoPaymentBar.swift; sourceTree = "<group>"; };
		992815042B480C7300F578F6 /* PaymentAutoRegisterVC.swift */ = {isa = PBXFileReference; fileEncoding = 4; lastKnownFileType = sourcecode.swift; path = PaymentAutoRegisterVC.swift; sourceTree = "<group>"; };
		992815052B480C7300F578F6 /* ContractTblCell.swift */ = {isa = PBXFileReference; fileEncoding = 4; lastKnownFileType = sourcecode.swift; path = ContractTblCell.swift; sourceTree = "<group>"; };
		992815062B480C7300F578F6 /* AutoPaymentMethodTblCell.swift */ = {isa = PBXFileReference; fileEncoding = 4; lastKnownFileType = sourcecode.swift; path = AutoPaymentMethodTblCell.swift; sourceTree = "<group>"; };
		992815072B480C7300F578F6 /* PaymentAutoRegisterVM.swift */ = {isa = PBXFileReference; fileEncoding = 4; lastKnownFileType = sourcecode.swift; path = PaymentAutoRegisterVM.swift; sourceTree = "<group>"; };
		992815092B480C7300F578F6 /* PresenterRow.swift */ = {isa = PBXFileReference; fileEncoding = 4; lastKnownFileType = sourcecode.swift; path = PresenterRow.swift; sourceTree = "<group>"; };
		9928150A2B480C7300F578F6 /* ContractRow.swift */ = {isa = PBXFileReference; fileEncoding = 4; lastKnownFileType = sourcecode.swift; path = ContractRow.swift; sourceTree = "<group>"; };
		9928150B2B480C7300F578F6 /* AddressRow.swift */ = {isa = PBXFileReference; fileEncoding = 4; lastKnownFileType = sourcecode.swift; path = AddressRow.swift; sourceTree = "<group>"; };
		992815132B480D4400F578F6 /* HiBottomViewWithTwoButton.swift */ = {isa = PBXFileReference; lastKnownFileType = sourcecode.swift; path = HiBottomViewWithTwoButton.swift; sourceTree = "<group>"; };
		992815152B480D9000F578F6 /* CheckFreeVoucherModel.swift */ = {isa = PBXFileReference; lastKnownFileType = sourcecode.swift; path = CheckFreeVoucherModel.swift; sourceTree = "<group>"; };
		993A2A562B45471300B0C8D8 /* CancelAutomaticPayment.swift */ = {isa = PBXFileReference; lastKnownFileType = sourcecode.swift; path = CancelAutomaticPayment.swift; sourceTree = "<group>"; };
		993A2A592B4550D300B0C8D8 /* ItemPaymentMethodCell.swift */ = {isa = PBXFileReference; lastKnownFileType = sourcecode.swift; path = ItemPaymentMethodCell.swift; sourceTree = "<group>"; };
/* End PBXFileReference section */

/* Begin PBXFrameworksBuildPhase section */
		055E35D22B4543A200FAC071 /* Frameworks */ = {
			isa = PBXFrameworksBuildPhase;
			buildActionMask = 2147483647;
			files = (
				992813EC2B47E7A500F578F6 /* RealmSwift in Frameworks */,
				992813EA2B47E7A500F578F6 /* Realm in Frameworks */,
				0553B1C32B46B1C50081840D /* SwiftyJSON in Frameworks */,
				992813C82B47E07900F578F6 /* Alamofire in Frameworks */,
			);
			runOnlyForDeploymentPostprocessing = 0;
		};
/* End PBXFrameworksBuildPhase section */

/* Begin PBXGroup section */
		0553B18F2B46ADF50081840D /* Result */ = {
			isa = PBXGroup;
			children = (
				0553B1912B46ADF50081840D /* Models */,
				0553B1932B46ADF50081840D /* ResultVC.swift */,
				0553B1942B46ADF50081840D /* Views */,
			);
			path = Result;
			sourceTree = "<group>";
		};
		0553B1912B46ADF50081840D /* Models */ = {
			isa = PBXGroup;
			children = (
				0553B1922B46ADF50081840D /* ResultPayment.swift */,
			);
			path = Models;
			sourceTree = "<group>";
		};
		0553B1942B46ADF50081840D /* Views */ = {
			isa = PBXGroup;
			children = (
				0553B1952B46ADF50081840D /* ResultAddOnView.swift */,
				0553B1962B46ADF50081840D /* ResultView.swift */,
			);
			path = Views;
			sourceTree = "<group>";
		};
		0553B1972B46ADF50081840D /* Components */ = {
			isa = PBXGroup;
			children = (
				0553B1982B46ADF50081840D /* BlockTitleRow.swift */,
				0553B1992B46ADF50081840D /* DividerLine.swift */,
			);
			path = Components;
			sourceTree = "<group>";
		};
		0553B1BC2B46AE6E0081840D /* Extensions */ = {
			isa = PBXGroup;
			children = (
				0553B1BD2B46AE6E0081840D /* Extensions.swift */,
				0553B1BE2B46AE6E0081840D /* VList.swift */,
			);
			path = Extensions;
			sourceTree = "<group>";
		};
		055E35CC2B4543A200FAC071 = {
			isa = PBXGroup;
			children = (
				055E35D72B4543A200FAC071 /* PaymentAuto */,
				055E35D62B4543A200FAC071 /* Products */,
			);
			sourceTree = "<group>";
		};
		055E35D62B4543A200FAC071 /* Products */ = {
			isa = PBXGroup;
			children = (
				055E35D52B4543A200FAC071 /* PaymentAuto.app */,
			);
			name = Products;
			sourceTree = "<group>";
		};
		055E35D72B4543A200FAC071 /* PaymentAuto */ = {
			isa = PBXGroup;
			children = (
				0553B1BC2B46AE6E0081840D /* Extensions */,
				993A2A4B2B45453400B0C8D8 /* Core */,
				993A2A4C2B45453900B0C8D8 /* Modules */,
				993A2A4D2B45455800B0C8D8 /* Resouce */,
				055E35E32B4543A300FAC071 /* LaunchScreen.storyboard */,
				055E35E62B4543A300FAC071 /* Info.plist */,
			);
			path = PaymentAuto;
			sourceTree = "<group>";
		};
		9928139F2B46B45600F578F6 /* CancelAutoPay */ = {
			isa = PBXGroup;
			children = (
				992813A42B46B50300F578F6 /* VIewModels */,
				992813A12B46B4E300F578F6 /* Models */,
				993A2A532B4546DE00B0C8D8 /* Views */,
				993A2A512B4546C500B0C8D8 /* Controllers */,
			);
			path = CancelAutoPay;
			sourceTree = "<group>";
		};
		992813A12B46B4E300F578F6 /* Models */ = {
			isa = PBXGroup;
			children = (
				992813A22B46B4F000F578F6 /* PaymentMethodModel.swift */,
			);
			path = Models;
			sourceTree = "<group>";
		};
		992813A42B46B50300F578F6 /* VIewModels */ = {
			isa = PBXGroup;
			children = (
				992813A52B46B51400F578F6 /* PaymentMethodVM.swift */,
			);
			path = VIewModels;
			sourceTree = "<group>";
		};
		992813B62B47B68700F578F6 /* Manager */ = {
			isa = PBXGroup;
			children = (
				992813B72B47B80900F578F6 /* PaymentManager.swift */,
				992813C22B47DFA900F578F6 /* PaymentOldManager.swift */,
				992813C42B47E00700F578F6 /* PaymentOldEndPoint.swift */,
			);
			path = Manager;
			sourceTree = "<group>";
		};
		992813C92B47E0E900F578F6 /* Miscellaneous */ = {
			isa = PBXGroup;
			children = (
				992813CC2B47E13C00F578F6 /* BaseController.swift */,
				992813CA2B47E13C00F578F6 /* ColorKey.swift */,
				992813D02B47E13D00F578F6 /* Config.swift */,
				992813CD2B47E13C00F578F6 /* Constant.swift */,
				992813D12B47E13D00F578F6 /* Contract.swift */,
				992813CE2B47E13C00F578F6 /* HiPaymentAPIManager.swift */,
				992813CB2B47E13C00F578F6 /* SACountingLabel.swift */,
				992813CF2B47E13D00F578F6 /* StatusResult.swift */,
			);
			path = Miscellaneous;
			sourceTree = "<group>";
		};
		992814D82B47ED4100F578F6 /* Common */ = {
			isa = PBXGroup;
			children = (
				992814D42B47EC2100F578F6 /* Extension+UIView.swift */,
				992814D62B47EC2F00F578F6 /* Constants.swift */,
				992814ED2B47FA0B00F578F6 /* APIManager.swift */,
				992814EF2B47FAEC00F578F6 /* HiFPTLogger.swift */,
				992814F12B47FCA100F578F6 /* HiFRequestInterceptor.swift */,
				992814F32B47FCCC00F578F6 /* TokenKeychain.swift */,
				992814F52B47FCFA00F578F6 /* UtilitiesManager.swift */,
				992814F72B47FD1100F578F6 /* Tokenize.swift */,
			);
			path = Common;
			sourceTree = "<group>";
		};
		992814F92B480C5C00F578F6 /* AutoPaymentHomeVC */ = {
			isa = PBXGroup;
			children = (
				992814FA2B480C5C00F578F6 /* AutoPaymentVM.swift */,
				992814FB2B480C5C00F578F6 /* AutoPaymentVC.swift */,
				992814FC2B480C5C00F578F6 /* Views */,
			);
			path = AutoPaymentHomeVC;
			sourceTree = "<group>";
		};
		992814FC2B480C5C00F578F6 /* Views */ = {
			isa = PBXGroup;
			children = (
				992814FD2B480C5C00F578F6 /* AutoPaymentPlaceHolderView.swift */,
				992814FE2B480C5C00F578F6 /* AutoPaymentBar.swift */,
			);
			path = Views;
			sourceTree = "<group>";
		};
		992815032B480C7300F578F6 /* PaymentAutoRegister */ = {
			isa = PBXGroup;
			children = (
				992815042B480C7300F578F6 /* PaymentAutoRegisterVC.swift */,
				992815052B480C7300F578F6 /* ContractTblCell.swift */,
				992815062B480C7300F578F6 /* AutoPaymentMethodTblCell.swift */,
				992815072B480C7300F578F6 /* PaymentAutoRegisterVM.swift */,
				992815082B480C7300F578F6 /* ContractTblCellViews */,
			);
			path = PaymentAutoRegister;
			sourceTree = "<group>";
		};
		992815082B480C7300F578F6 /* ContractTblCellViews */ = {
			isa = PBXGroup;
			children = (
				992815092B480C7300F578F6 /* PresenterRow.swift */,
				9928150A2B480C7300F578F6 /* ContractRow.swift */,
				9928150B2B480C7300F578F6 /* AddressRow.swift */,
			);
			path = ContractTblCellViews;
			sourceTree = "<group>";
		};
		993A2A4B2B45453400B0C8D8 /* Core */ = {
			isa = PBXGroup;
			children = (
				992814D82B47ED4100F578F6 /* Common */,
				993A2A4E2B45456300B0C8D8 /* Base */,
			);
			path = Core;
			sourceTree = "<group>";
		};
		993A2A4C2B45453900B0C8D8 /* Modules */ = {
			isa = PBXGroup;
			children = (
				993A2A502B45467500B0C8D8 /* Payment */,
				993A2A4F2B45457D00B0C8D8 /* Home */,
			);
			path = Modules;
			sourceTree = "<group>";
		};
		993A2A4D2B45455800B0C8D8 /* Resouce */ = {
			isa = PBXGroup;
			children = (
				055E35E12B4543A300FAC071 /* Assets.xcassets */,
			);
			path = Resouce;
			sourceTree = "<group>";
		};
		993A2A4E2B45456300B0C8D8 /* Base */ = {
			isa = PBXGroup;
			children = (
				992814B42B47E9D000F578F6 /* AppDelegate.swift */,
				992814B22B47E9C900F578F6 /* SceneDelegate.swift */,
				992814AE2B47E93300F578F6 /* PopupVC.swift */,
				992814AC2B47E92C00F578F6 /* Popup.storyboard */,
				992814B02B47E99C00F578F6 /* BaseControllerWithHeaderVC.swift */,
				992814B62B47E9EA00F578F6 /* BaseViewController.swift */,
				992814B82B47EA1700F578F6 /* HiHeaderView.swift */,
				992814BA2B47EA4000F578F6 /* BaseViewModel.swift */,
				992814BC2B47EA6E00F578F6 /* ButtonPrimary.swift */,
				992814BE2B47EA8A00F578F6 /* ThemesManager.swift */,
				992814C02B47EAD400F578F6 /* Localizable.swift */,
				992814C22B47EAF200F578F6 /* HiFPTPayment.swift */,
				992814C42B47EB1000F578F6 /* HiFPTPaymentPopupDelegate.swift */,
				992814C62B47EB2000F578F6 /* HiThemesPopupManager.swift */,
				992814C82B47EB2C00F578F6 /* PayMethod.swift */,
				992814CA2B47EB3400F578F6 /* ItemSku.swift */,
				992814CC2B47EB3E00F578F6 /* MyGlobal.swift */,
				992814CE2B47EB4700F578F6 /* EContractConfirmModel.swift */,
				992814D02B47EB5000F578F6 /* QuotationResponseModel.swift */,
				992814D22B47EB5700F578F6 /* NotificationModel.swift */,
				992814D92B47F05200F578F6 /* LocalBannerModel.swift */,
				992814DB2B47F0F100F578F6 /* HiFPTCore.swift */,
				992814DD2B47F12500F578F6 /* BaseNavigation.swift */,
				992814DF2B47F19E00F578F6 /* CoreUserDefaults.swift */,
				992814E12B47F1D600F578F6 /* ECounterKeyValueButtonLineView.swift */,
				992814E32B47F20000F578F6 /* ContractItem.swift */,
				992814E52B47F23100F578F6 /* ContractModel.swift */,
				992814E92B47F81900F578F6 /* HiFPTEndpoint.swift */,
				992814EB2B47F9AC00F578F6 /* HiFPTStatusResult.swift */,
				992815132B480D4400F578F6 /* HiBottomViewWithTwoButton.swift */,
				992815152B480D9000F578F6 /* CheckFreeVoucherModel.swift */,
			);
			path = Base;
			sourceTree = "<group>";
		};
		993A2A4F2B45457D00B0C8D8 /* Home */ = {
			isa = PBXGroup;
			children = (
				055E35DC2B4543A200FAC071 /* ViewController.swift */,
			);
			path = Home;
			sourceTree = "<group>";
		};
		993A2A502B45467500B0C8D8 /* Payment */ = {
			isa = PBXGroup;
			children = (
				992815032B480C7300F578F6 /* PaymentAutoRegister */,
				992814F92B480C5C00F578F6 /* AutoPaymentHomeVC */,
				992813C92B47E0E900F578F6 /* Miscellaneous */,
				992813B62B47B68700F578F6 /* Manager */,
				9928139F2B46B45600F578F6 /* CancelAutoPay */,
				0553B1972B46ADF50081840D /* Components */,
				0553B18F2B46ADF50081840D /* Result */,
			);
			path = Payment;
			sourceTree = "<group>";
		};
		993A2A512B4546C500B0C8D8 /* Controllers */ = {
			isa = PBXGroup;
			children = (
				993A2A562B45471300B0C8D8 /* CancelAutomaticPayment.swift */,
			);
			path = Controllers;
			sourceTree = "<group>";
		};
		993A2A532B4546DE00B0C8D8 /* Views */ = {
			isa = PBXGroup;
			children = (
				993A2A592B4550D300B0C8D8 /* ItemPaymentMethodCell.swift */,
				992813812B4659AA00F578F6 /* HeaderCell.swift */,
			);
			path = Views;
			sourceTree = "<group>";
		};
/* End PBXGroup section */

/* Begin PBXNativeTarget section */
		055E35D42B4543A200FAC071 /* PaymentAuto */ = {
			isa = PBXNativeTarget;
			buildConfigurationList = 055E35E92B4543A300FAC071 /* Build configuration list for PBXNativeTarget "PaymentAuto" */;
			buildPhases = (
				055E35D12B4543A200FAC071 /* Sources */,
				055E35D22B4543A200FAC071 /* Frameworks */,
				055E35D32B4543A200FAC071 /* Resources */,
			);
			buildRules = (
			);
			dependencies = (
			);
			name = PaymentAuto;
			packageProductDependencies = (
				0553B1C22B46B1C50081840D /* SwiftyJSON */,
				992813C72B47E07900F578F6 /* Alamofire */,
				992813E92B47E7A500F578F6 /* Realm */,
				992813EB2B47E7A500F578F6 /* RealmSwift */,
			);
			productName = PaymentAuto;
			productReference = 055E35D52B4543A200FAC071 /* PaymentAuto.app */;
			productType = "com.apple.product-type.application";
		};
/* End PBXNativeTarget section */

/* Begin PBXProject section */
		055E35CD2B4543A200FAC071 /* Project object */ = {
			isa = PBXProject;
			attributes = {
				BuildIndependentTargetsInParallel = 1;
				LastSwiftUpdateCheck = 1510;
				LastUpgradeCheck = 1510;
				TargetAttributes = {
					055E35D42B4543A200FAC071 = {
						CreatedOnToolsVersion = 15.1;
					};
				};
			};
			buildConfigurationList = 055E35D02B4543A200FAC071 /* Build configuration list for PBXProject "PaymentAuto" */;
			compatibilityVersion = "Xcode 14.0";
			developmentRegion = en;
			hasScannedForEncodings = 0;
			knownRegions = (
				en,
				Base,
			);
			mainGroup = 055E35CC2B4543A200FAC071;
			packageReferences = (
				0553B1C12B46B1C50081840D /* XCRemoteSwiftPackageReference "SwiftyJSON" */,
				992813C62B47E07900F578F6 /* XCRemoteSwiftPackageReference "Alamofire" */,
				992813E82B47E7A500F578F6 /* XCRemoteSwiftPackageReference "realm-swift" */,
			);
			productRefGroup = 055E35D62B4543A200FAC071 /* Products */;
			projectDirPath = "";
			projectRoot = "";
			targets = (
				055E35D42B4543A200FAC071 /* PaymentAuto */,
			);
		};
/* End PBXProject section */

/* Begin PBXResourcesBuildPhase section */
		055E35D32B4543A200FAC071 /* Resources */ = {
			isa = PBXResourcesBuildPhase;
			buildActionMask = 2147483647;
			files = (
				992814AD2B47E92D00F578F6 /* Popup.storyboard in Resources */,
				055E35E52B4543A300FAC071 /* LaunchScreen.storyboard in Resources */,
				055E35E22B4543A300FAC071 /* Assets.xcassets in Resources */,
			);
			runOnlyForDeploymentPostprocessing = 0;
		};
/* End PBXResourcesBuildPhase section */

/* Begin PBXSourcesBuildPhase section */
		055E35D12B4543A200FAC071 /* Sources */ = {
			isa = PBXSourcesBuildPhase;
			buildActionMask = 2147483647;
			files = (
				992814CB2B47EB3400F578F6 /* ItemSku.swift in Sources */,
				992814D52B47EC2100F578F6 /* Extension+UIView.swift in Sources */,
				992814B92B47EA1700F578F6 /* HiHeaderView.swift in Sources */,
				992813C52B47E00700F578F6 /* PaymentOldEndPoint.swift in Sources */,
				992815002B480C5C00F578F6 /* AutoPaymentVC.swift in Sources */,
				0553B1C02B46AE6E0081840D /* VList.swift in Sources */,
				0553B1AC2B46ADF50081840D /* ResultVC.swift in Sources */,
				992814D32B47EB5700F578F6 /* NotificationModel.swift in Sources */,
				992813D42B47E13D00F578F6 /* BaseController.swift in Sources */,
				9928150F2B480C7300F578F6 /* PaymentAutoRegisterVM.swift in Sources */,
				992814EE2B47FA0B00F578F6 /* APIManager.swift in Sources */,
				992815162B480D9000F578F6 /* CheckFreeVoucherModel.swift in Sources */,
				992814C72B47EB2000F578F6 /* HiThemesPopupManager.swift in Sources */,
				992814EC2B47F9AC00F578F6 /* HiFPTStatusResult.swift in Sources */,
				055E35DD2B4543A200FAC071 /* ViewController.swift in Sources */,
				992814DE2B47F12500F578F6 /* BaseNavigation.swift in Sources */,
				992813D32B47E13D00F578F6 /* SACountingLabel.swift in Sources */,
				992814CF2B47EB4700F578F6 /* EContractConfirmModel.swift in Sources */,
				992814E62B47F23100F578F6 /* ContractModel.swift in Sources */,
				992814BD2B47EA6E00F578F6 /* ButtonPrimary.swift in Sources */,
				992814DC2B47F0F100F578F6 /* HiFPTCore.swift in Sources */,
				992814F42B47FCCC00F578F6 /* TokenKeychain.swift in Sources */,
				992814F62B47FCFA00F578F6 /* UtilitiesManager.swift in Sources */,
				992814B32B47E9C900F578F6 /* SceneDelegate.swift in Sources */,
				992814B12B47E99C00F578F6 /* BaseControllerWithHeaderVC.swift in Sources */,
				992813D52B47E13D00F578F6 /* Constant.swift in Sources */,
				992815112B480C7300F578F6 /* ContractRow.swift in Sources */,
				992814D12B47EB5000F578F6 /* QuotationResponseModel.swift in Sources */,
				992814E22B47F1D600F578F6 /* ECounterKeyValueButtonLineView.swift in Sources */,
				993A2A572B45471300B0C8D8 /* CancelAutomaticPayment.swift in Sources */,
				0553B1AF2B46ADF50081840D /* BlockTitleRow.swift in Sources */,
				992813D22B47E13D00F578F6 /* ColorKey.swift in Sources */,
				992814EA2B47F81900F578F6 /* HiFPTEndpoint.swift in Sources */,
				992814AF2B47E93300F578F6 /* PopupVC.swift in Sources */,
				992813D62B47E13D00F578F6 /* HiPaymentAPIManager.swift in Sources */,
				993A2A5A2B4550D300B0C8D8 /* ItemPaymentMethodCell.swift in Sources */,
				9928150E2B480C7300F578F6 /* AutoPaymentMethodTblCell.swift in Sources */,
				992814B52B47E9D000F578F6 /* AppDelegate.swift in Sources */,
				992815142B480D4400F578F6 /* HiBottomViewWithTwoButton.swift in Sources */,
				992814C12B47EAD400F578F6 /* Localizable.swift in Sources */,
				0553B1B02B46ADF50081840D /* DividerLine.swift in Sources */,
				992814DA2B47F05200F578F6 /* LocalBannerModel.swift in Sources */,
				992814CD2B47EB3E00F578F6 /* MyGlobal.swift in Sources */,
				992814C32B47EAF200F578F6 /* HiFPTPayment.swift in Sources */,
				992814C52B47EB1000F578F6 /* HiFPTPaymentPopupDelegate.swift in Sources */,
				992815012B480C5C00F578F6 /* AutoPaymentPlaceHolderView.swift in Sources */,
				992814F22B47FCA100F578F6 /* HiFRequestInterceptor.swift in Sources */,
				992815102B480C7300F578F6 /* PresenterRow.swift in Sources */,
				992814D72B47EC2F00F578F6 /* Constants.swift in Sources */,
				992814F82B47FD1100F578F6 /* Tokenize.swift in Sources */,
				992813C32B47DFA900F578F6 /* PaymentOldManager.swift in Sources */,
				0553B1AE2B46ADF50081840D /* ResultView.swift in Sources */,
				992815122B480C7300F578F6 /* AddressRow.swift in Sources */,
				992814E02B47F19E00F578F6 /* CoreUserDefaults.swift in Sources */,
				992813D82B47E13D00F578F6 /* Config.swift in Sources */,
				992813A62B46B51400F578F6 /* PaymentMethodVM.swift in Sources */,
				0553B1AB2B46ADF50081840D /* ResultPayment.swift in Sources */,
				9928150C2B480C7300F578F6 /* PaymentAutoRegisterVC.swift in Sources */,
				0553B1BF2B46AE6E0081840D /* Extensions.swift in Sources */,
				992814B72B47E9EA00F578F6 /* BaseViewController.swift in Sources */,
				992814BF2B47EA8A00F578F6 /* ThemesManager.swift in Sources */,
				992813B82B47B80900F578F6 /* PaymentManager.swift in Sources */,
				992813822B4659AB00F578F6 /* HeaderCell.swift in Sources */,
				0553B1AD2B46ADF50081840D /* ResultAddOnView.swift in Sources */,
				992813D72B47E13D00F578F6 /* StatusResult.swift in Sources */,
				992814E42B47F20000F578F6 /* ContractItem.swift in Sources */,
				9928150D2B480C7300F578F6 /* ContractTblCell.swift in Sources */,
				992814F02B47FAEC00F578F6 /* HiFPTLogger.swift in Sources */,
				992813A32B46B4F000F578F6 /* PaymentMethodModel.swift in Sources */,
				992814BB2B47EA4000F578F6 /* BaseViewModel.swift in Sources */,
				992813D92B47E13D00F578F6 /* Contract.swift in Sources */,
				992814FF2B480C5C00F578F6 /* AutoPaymentVM.swift in Sources */,
				992815022B480C5C00F578F6 /* AutoPaymentBar.swift in Sources */,
				992814C92B47EB2C00F578F6 /* PayMethod.swift in Sources */,
			);
			runOnlyForDeploymentPostprocessing = 0;
		};
/* End PBXSourcesBuildPhase section */

/* Begin PBXVariantGroup section */
		055E35E32B4543A300FAC071 /* LaunchScreen.storyboard */ = {
			isa = PBXVariantGroup;
			children = (
				055E35E42B4543A300FAC071 /* Base */,
			);
			name = LaunchScreen.storyboard;
			sourceTree = "<group>";
		};
/* End PBXVariantGroup section */

/* Begin XCBuildConfiguration section */
		055E35E72B4543A300FAC071 /* Debug */ = {
			isa = XCBuildConfiguration;
			buildSettings = {
				ALWAYS_SEARCH_USER_PATHS = NO;
				ASSETCATALOG_COMPILER_GENERATE_SWIFT_ASSET_SYMBOL_EXTENSIONS = YES;
				CLANG_ANALYZER_NONNULL = YES;
				CLANG_ANALYZER_NUMBER_OBJECT_CONVERSION = YES_AGGRESSIVE;
				CLANG_CXX_LANGUAGE_STANDARD = "gnu++20";
				CLANG_ENABLE_MODULES = YES;
				CLANG_ENABLE_OBJC_ARC = YES;
				CLANG_ENABLE_OBJC_WEAK = YES;
				CLANG_WARN_BLOCK_CAPTURE_AUTORELEASING = YES;
				CLANG_WARN_BOOL_CONVERSION = YES;
				CLANG_WARN_COMMA = YES;
				CLANG_WARN_CONSTANT_CONVERSION = YES;
				CLANG_WARN_DEPRECATED_OBJC_IMPLEMENTATIONS = YES;
				CLANG_WARN_DIRECT_OBJC_ISA_USAGE = YES_ERROR;
				CLANG_WARN_DOCUMENTATION_COMMENTS = YES;
				CLANG_WARN_EMPTY_BODY = YES;
				CLANG_WARN_ENUM_CONVERSION = YES;
				CLANG_WARN_INFINITE_RECURSION = YES;
				CLANG_WARN_INT_CONVERSION = YES;
				CLANG_WARN_NON_LITERAL_NULL_CONVERSION = YES;
				CLANG_WARN_OBJC_IMPLICIT_RETAIN_SELF = YES;
				CLANG_WARN_OBJC_LITERAL_CONVERSION = YES;
				CLANG_WARN_OBJC_ROOT_CLASS = YES_ERROR;
				CLANG_WARN_QUOTED_INCLUDE_IN_FRAMEWORK_HEADER = YES;
				CLANG_WARN_RANGE_LOOP_ANALYSIS = YES;
				CLANG_WARN_STRICT_PROTOTYPES = YES;
				CLANG_WARN_SUSPICIOUS_MOVE = YES;
				CLANG_WARN_UNGUARDED_AVAILABILITY = YES_AGGRESSIVE;
				CLANG_WARN_UNREACHABLE_CODE = YES;
				CLANG_WARN__DUPLICATE_METHOD_MATCH = YES;
				COPY_PHASE_STRIP = NO;
				DEBUG_INFORMATION_FORMAT = dwarf;
				ENABLE_STRICT_OBJC_MSGSEND = YES;
				ENABLE_TESTABILITY = YES;
				ENABLE_USER_SCRIPT_SANDBOXING = YES;
				GCC_C_LANGUAGE_STANDARD = gnu17;
				GCC_DYNAMIC_NO_PIC = NO;
				GCC_NO_COMMON_BLOCKS = YES;
				GCC_OPTIMIZATION_LEVEL = 0;
				GCC_PREPROCESSOR_DEFINITIONS = (
					"DEBUG=1",
					"$(inherited)",
				);
				GCC_WARN_64_TO_32_BIT_CONVERSION = YES;
				GCC_WARN_ABOUT_RETURN_TYPE = YES_ERROR;
				GCC_WARN_UNDECLARED_SELECTOR = YES;
				GCC_WARN_UNINITIALIZED_AUTOS = YES_AGGRESSIVE;
				GCC_WARN_UNUSED_FUNCTION = YES;
				GCC_WARN_UNUSED_VARIABLE = YES;
				IPHONEOS_DEPLOYMENT_TARGET = 17.2;
				LOCALIZATION_PREFERS_STRING_CATALOGS = YES;
				MTL_ENABLE_DEBUG_INFO = INCLUDE_SOURCE;
				MTL_FAST_MATH = YES;
				ONLY_ACTIVE_ARCH = YES;
				SDKROOT = iphoneos;
				SWIFT_ACTIVE_COMPILATION_CONDITIONS = "DEBUG $(inherited)";
				SWIFT_OPTIMIZATION_LEVEL = "-Onone";
			};
			name = Debug;
		};
		055E35E82B4543A300FAC071 /* Release */ = {
			isa = XCBuildConfiguration;
			buildSettings = {
				ALWAYS_SEARCH_USER_PATHS = NO;
				ASSETCATALOG_COMPILER_GENERATE_SWIFT_ASSET_SYMBOL_EXTENSIONS = YES;
				CLANG_ANALYZER_NONNULL = YES;
				CLANG_ANALYZER_NUMBER_OBJECT_CONVERSION = YES_AGGRESSIVE;
				CLANG_CXX_LANGUAGE_STANDARD = "gnu++20";
				CLANG_ENABLE_MODULES = YES;
				CLANG_ENABLE_OBJC_ARC = YES;
				CLANG_ENABLE_OBJC_WEAK = YES;
				CLANG_WARN_BLOCK_CAPTURE_AUTORELEASING = YES;
				CLANG_WARN_BOOL_CONVERSION = YES;
				CLANG_WARN_COMMA = YES;
				CLANG_WARN_CONSTANT_CONVERSION = YES;
				CLANG_WARN_DEPRECATED_OBJC_IMPLEMENTATIONS = YES;
				CLANG_WARN_DIRECT_OBJC_ISA_USAGE = YES_ERROR;
				CLANG_WARN_DOCUMENTATION_COMMENTS = YES;
				CLANG_WARN_EMPTY_BODY = YES;
				CLANG_WARN_ENUM_CONVERSION = YES;
				CLANG_WARN_INFINITE_RECURSION = YES;
				CLANG_WARN_INT_CONVERSION = YES;
				CLANG_WARN_NON_LITERAL_NULL_CONVERSION = YES;
				CLANG_WARN_OBJC_IMPLICIT_RETAIN_SELF = YES;
				CLANG_WARN_OBJC_LITERAL_CONVERSION = YES;
				CLANG_WARN_OBJC_ROOT_CLASS = YES_ERROR;
				CLANG_WARN_QUOTED_INCLUDE_IN_FRAMEWORK_HEADER = YES;
				CLANG_WARN_RANGE_LOOP_ANALYSIS = YES;
				CLANG_WARN_STRICT_PROTOTYPES = YES;
				CLANG_WARN_SUSPICIOUS_MOVE = YES;
				CLANG_WARN_UNGUARDED_AVAILABILITY = YES_AGGRESSIVE;
				CLANG_WARN_UNREACHABLE_CODE = YES;
				CLANG_WARN__DUPLICATE_METHOD_MATCH = YES;
				COPY_PHASE_STRIP = NO;
				DEBUG_INFORMATION_FORMAT = "dwarf-with-dsym";
				ENABLE_NS_ASSERTIONS = NO;
				ENABLE_STRICT_OBJC_MSGSEND = YES;
				ENABLE_USER_SCRIPT_SANDBOXING = YES;
				GCC_C_LANGUAGE_STANDARD = gnu17;
				GCC_NO_COMMON_BLOCKS = YES;
				GCC_WARN_64_TO_32_BIT_CONVERSION = YES;
				GCC_WARN_ABOUT_RETURN_TYPE = YES_ERROR;
				GCC_WARN_UNDECLARED_SELECTOR = YES;
				GCC_WARN_UNINITIALIZED_AUTOS = YES_AGGRESSIVE;
				GCC_WARN_UNUSED_FUNCTION = YES;
				GCC_WARN_UNUSED_VARIABLE = YES;
				IPHONEOS_DEPLOYMENT_TARGET = 17.2;
				LOCALIZATION_PREFERS_STRING_CATALOGS = YES;
				MTL_ENABLE_DEBUG_INFO = NO;
				MTL_FAST_MATH = YES;
				SDKROOT = iphoneos;
				SWIFT_COMPILATION_MODE = wholemodule;
				VALIDATE_PRODUCT = YES;
			};
			name = Release;
		};
		055E35EA2B4543A300FAC071 /* Debug */ = {
			isa = XCBuildConfiguration;
			buildSettings = {
				ASSETCATALOG_COMPILER_APPICON_NAME = AppIcon;
				ASSETCATALOG_COMPILER_GLOBAL_ACCENT_COLOR_NAME = AccentColor;
				CODE_SIGN_STYLE = Automatic;
				CURRENT_PROJECT_VERSION = 1;
				DEVELOPMENT_TEAM = 29955KP3ZL;
				GENERATE_INFOPLIST_FILE = YES;
				INFOPLIST_FILE = PaymentAuto/Info.plist;
				INFOPLIST_KEY_UIApplicationSupportsIndirectInputEvents = YES;
				INFOPLIST_KEY_UILaunchStoryboardName = LaunchScreen;
				INFOPLIST_KEY_UISupportedInterfaceOrientations_iPad = "UIInterfaceOrientationPortrait UIInterfaceOrientationPortraitUpsideDown UIInterfaceOrientationLandscapeLeft UIInterfaceOrientationLandscapeRight";
				INFOPLIST_KEY_UISupportedInterfaceOrientations_iPhone = "UIInterfaceOrientationPortrait UIInterfaceOrientationLandscapeLeft UIInterfaceOrientationLandscapeRight";
				IPHONEOS_DEPLOYMENT_TARGET = 13.0;
				LD_RUNPATH_SEARCH_PATHS = (
					"$(inherited)",
					"@executable_path/Frameworks",
				);
				MARKETING_VERSION = 1.0;
				PRODUCT_BUNDLE_IDENTIFIER = com.k2tam.PaymentAuto1;
				PRODUCT_NAME = "$(TARGET_NAME)";
				SUPPORTED_PLATFORMS = "iphoneos iphonesimulator";
				SUPPORTS_MACCATALYST = NO;
				SUPPORTS_MAC_DESIGNED_FOR_IPHONE_IPAD = NO;
				SWIFT_EMIT_LOC_STRINGS = YES;
				SWIFT_VERSION = 5.0;
				TARGETED_DEVICE_FAMILY = "1,2";
			};
			name = Debug;
		};
		055E35EB2B4543A300FAC071 /* Release */ = {
			isa = XCBuildConfiguration;
			buildSettings = {
				ASSETCATALOG_COMPILER_APPICON_NAME = AppIcon;
				ASSETCATALOG_COMPILER_GLOBAL_ACCENT_COLOR_NAME = AccentColor;
				CODE_SIGN_STYLE = Automatic;
				CURRENT_PROJECT_VERSION = 1;
				DEVELOPMENT_TEAM = 29955KP3ZL;
				GENERATE_INFOPLIST_FILE = YES;
				INFOPLIST_FILE = PaymentAuto/Info.plist;
				INFOPLIST_KEY_UIApplicationSupportsIndirectInputEvents = YES;
				INFOPLIST_KEY_UILaunchStoryboardName = LaunchScreen;
				INFOPLIST_KEY_UISupportedInterfaceOrientations_iPad = "UIInterfaceOrientationPortrait UIInterfaceOrientationPortraitUpsideDown UIInterfaceOrientationLandscapeLeft UIInterfaceOrientationLandscapeRight";
				INFOPLIST_KEY_UISupportedInterfaceOrientations_iPhone = "UIInterfaceOrientationPortrait UIInterfaceOrientationLandscapeLeft UIInterfaceOrientationLandscapeRight";
				IPHONEOS_DEPLOYMENT_TARGET = 13.0;
				LD_RUNPATH_SEARCH_PATHS = (
					"$(inherited)",
					"@executable_path/Frameworks",
				);
				MARKETING_VERSION = 1.0;
				PRODUCT_BUNDLE_IDENTIFIER = com.k2tam.PaymentAuto1;
				PRODUCT_NAME = "$(TARGET_NAME)";
				SUPPORTED_PLATFORMS = "iphoneos iphonesimulator";
				SUPPORTS_MACCATALYST = NO;
				SUPPORTS_MAC_DESIGNED_FOR_IPHONE_IPAD = NO;
				SWIFT_EMIT_LOC_STRINGS = YES;
				SWIFT_VERSION = 5.0;
				TARGETED_DEVICE_FAMILY = "1,2";
			};
			name = Release;
		};
/* End XCBuildConfiguration section */

/* Begin XCConfigurationList section */
		055E35D02B4543A200FAC071 /* Build configuration list for PBXProject "PaymentAuto" */ = {
			isa = XCConfigurationList;
			buildConfigurations = (
				055E35E72B4543A300FAC071 /* Debug */,
				055E35E82B4543A300FAC071 /* Release */,
			);
			defaultConfigurationIsVisible = 0;
			defaultConfigurationName = Release;
		};
		055E35E92B4543A300FAC071 /* Build configuration list for PBXNativeTarget "PaymentAuto" */ = {
			isa = XCConfigurationList;
			buildConfigurations = (
				055E35EA2B4543A300FAC071 /* Debug */,
				055E35EB2B4543A300FAC071 /* Release */,
			);
			defaultConfigurationIsVisible = 0;
			defaultConfigurationName = Release;
		};
/* End XCConfigurationList section */

/* Begin XCRemoteSwiftPackageReference section */
		0553B1C12B46B1C50081840D /* XCRemoteSwiftPackageReference "SwiftyJSON" */ = {
			isa = XCRemoteSwiftPackageReference;
			repositoryURL = "https://github.com/SwiftyJSON/SwiftyJSON.git";
			requirement = {
				kind = upToNextMajorVersion;
				minimumVersion = 5.0.1;
			};
		};
		992813C62B47E07900F578F6 /* XCRemoteSwiftPackageReference "Alamofire" */ = {
			isa = XCRemoteSwiftPackageReference;
			repositoryURL = "https://github.com/Alamofire/Alamofire.git";
			requirement = {
				kind = upToNextMajorVersion;
				minimumVersion = 5.8.1;
			};
		};
		992813E82B47E7A500F578F6 /* XCRemoteSwiftPackageReference "realm-swift" */ = {
			isa = XCRemoteSwiftPackageReference;
			repositoryURL = "https://github.com/realm/realm-swift.git";
			requirement = {
				branch = master;
				kind = branch;
			};
		};
/* End XCRemoteSwiftPackageReference section */

/* Begin XCSwiftPackageProductDependency section */
		0553B1C22B46B1C50081840D /* SwiftyJSON */ = {
			isa = XCSwiftPackageProductDependency;
			package = 0553B1C12B46B1C50081840D /* XCRemoteSwiftPackageReference "SwiftyJSON" */;
			productName = SwiftyJSON;
		};
		992813C72B47E07900F578F6 /* Alamofire */ = {
			isa = XCSwiftPackageProductDependency;
			package = 992813C62B47E07900F578F6 /* XCRemoteSwiftPackageReference "Alamofire" */;
			productName = Alamofire;
		};
		992813E92B47E7A500F578F6 /* Realm */ = {
			isa = XCSwiftPackageProductDependency;
			package = 992813E82B47E7A500F578F6 /* XCRemoteSwiftPackageReference "realm-swift" */;
			productName = Realm;
		};
		992813EB2B47E7A500F578F6 /* RealmSwift */ = {
			isa = XCSwiftPackageProductDependency;
			package = 992813E82B47E7A500F578F6 /* XCRemoteSwiftPackageReference "realm-swift" */;
			productName = RealmSwift;
		};
/* End XCSwiftPackageProductDependency section */
	};
	rootObject = 055E35CD2B4543A200FAC071 /* Project object */;
}
